// !$*UTF8*$!
{
	archiveVersion = 1;
	classes = {
	};
	objectVersion = 77;
	objects = {

/* Begin PBXBuildFile section */
		919CF4582DFB97A500DE858A /* GoogleMobileAds in Frameworks */ = {isa = PBXBuildFile; productRef = 919CF4572DFB97A500DE858A /* GoogleMobileAds */; };
		919CF45B2DFB97D100DE858A /* ApiOSSDK in Frameworks */ = {isa = PBXBuildFile; productRef = 919CF45A2DFB97D100DE858A /* ApiOSSDK */; };
/* End PBXBuildFile section */

/* Begin PBXContainerItemProxy section */
		919CF0BF2DF9D80A00DE858A /* PBXContainerItemProxy */ = {
			isa = PBXContainerItemProxy;
			containerPortal = 919CF09B2DF9D80800DE858A /* Project object */;
			proxyType = 1;
			remoteGlobalIDString = 919CF0A22DF9D80800DE858A;
			remoteInfo = ObjcImplementation;
		};
		919CF0C92DF9D80A00DE858A /* PBXContainerItemProxy */ = {
			isa = PBXContainerItemProxy;
			containerPortal = 919CF09B2DF9D80800DE858A /* Project object */;
			proxyType = 1;
			remoteGlobalIDString = 919CF0A22DF9D80800DE858A;
			remoteInfo = ObjcImplementation;
		};
/* End PBXContainerItemProxy section */

/* Begin PBXFileReference section */
		919CF0A32DF9D80800DE858A /* ObjcImplementation.app */ = {isa = PBXFileReference; explicitFileType = wrapper.application; includeInIndex = 0; path = ObjcImplementation.app; sourceTree = BUILT_PRODUCTS_DIR; };
		919CF0BE2DF9D80A00DE858A /* ObjcImplementationTests.xctest */ = {isa = PBXFileReference; explicitFileType = wrapper.cfbundle; includeInIndex = 0; path = ObjcImplementationTests.xctest; sourceTree = BUILT_PRODUCTS_DIR; };
		919CF0C82DF9D80A00DE858A /* ObjcImplementationUITests.xctest */ = {isa = PBXFileReference; explicitFileType = wrapper.cfbundle; includeInIndex = 0; path = ObjcImplementationUITests.xctest; sourceTree = BUILT_PRODUCTS_DIR; };
/* End PBXFileReference section */

/* Begin PBXFileSystemSynchronizedBuildFileExceptionSet section */
		919CF0D02DF9D80A00DE858A /* Exceptions for "ObjcImplementation" folder in "ObjcImplementation" target */ = {
			isa = PBXFileSystemSynchronizedBuildFileExceptionSet;
			membershipExceptions = (
				Info.plist,
			);
			target = 919CF0A22DF9D80800DE858A /* ObjcImplementation */;
		};
/* End PBXFileSystemSynchronizedBuildFileExceptionSet section */

/* Begin PBXFileSystemSynchronizedRootGroup section */
		919CF0A52DF9D80800DE858A /* ObjcImplementation */ = {
			isa = PBXFileSystemSynchronizedRootGroup;
			exceptions = (
				919CF0D02DF9D80A00DE858A /* Exceptions for "ObjcImplementation" folder in "ObjcImplementation" target */,
			);
			path = ObjcImplementation;
			sourceTree = "<group>";
		};
		919CF0C12DF9D80A00DE858A /* ObjcImplementationTests */ = {
			isa = PBXFileSystemSynchronizedRootGroup;
			path = ObjcImplementationTests;
			sourceTree = "<group>";
		};
		919CF0CB2DF9D80A00DE858A /* ObjcImplementationUITests */ = {
			isa = PBXFileSystemSynchronizedRootGroup;
			path = ObjcImplementationUITests;
			sourceTree = "<group>";
		};
/* End PBXFileSystemSynchronizedRootGroup section */

/* Begin PBXFrameworksBuildPhase section */
		919CF0A02DF9D80800DE858A /* Frameworks */ = {
			isa = PBXFrameworksBuildPhase;
			buildActionMask = 2147483647;
			files = (
				919CF45B2DFB97D100DE858A /* ApiOSSDK in Frameworks */,
				919CF4582DFB97A500DE858A /* GoogleMobileAds in Frameworks */,
			);
			runOnlyForDeploymentPostprocessing = 0;
		};
		919CF0BB2DF9D80A00DE858A /* Frameworks */ = {
			isa = PBXFrameworksBuildPhase;
			buildActionMask = 2147483647;
			files = (
			);
			runOnlyForDeploymentPostprocessing = 0;
		};
		919CF0C52DF9D80A00DE858A /* Frameworks */ = {
			isa = PBXFrameworksBuildPhase;
			buildActionMask = 2147483647;
			files = (
			);
			runOnlyForDeploymentPostprocessing = 0;
		};
/* End PBXFrameworksBuildPhase section */

/* Begin PBXGroup section */
		919CF09A2DF9D80800DE858A = {
			isa = PBXGroup;
			children = (
				919CF0A52DF9D80800DE858A /* ObjcImplementation */,
				919CF0C12DF9D80A00DE858A /* ObjcImplementationTests */,
				919CF0CB2DF9D80A00DE858A /* ObjcImplementationUITests */,
				919CF0A42DF9D80800DE858A /* Products */,
			);
			sourceTree = "<group>";
		};
		919CF0A42DF9D80800DE858A /* Products */ = {
			isa = PBXGroup;
			children = (
				919CF0A32DF9D80800DE858A /* ObjcImplementation.app */,
				919CF0BE2DF9D80A00DE858A /* ObjcImplementationTests.xctest */,
				919CF0C82DF9D80A00DE858A /* ObjcImplementationUITests.xctest */,
			);
			name = Products;
			sourceTree = "<group>";
		};
/* End PBXGroup section */

/* Begin PBXNativeTarget section */
		919CF0A22DF9D80800DE858A /* ObjcImplementation */ = {
			isa = PBXNativeTarget;
			buildConfigurationList = 919CF0D12DF9D80A00DE858A /* Build configuration list for PBXNativeTarget "ObjcImplementation" */;
			buildPhases = (
				919CF09F2DF9D80800DE858A /* Sources */,
				919CF0A02DF9D80800DE858A /* Frameworks */,
				919CF0A12DF9D80800DE858A /* Resources */,
			);
			buildRules = (
			);
			dependencies = (
			);
			fileSystemSynchronizedGroups = (
				919CF0A52DF9D80800DE858A /* ObjcImplementation */,
			);
			name = ObjcImplementation;
			packageProductDependencies = (
				919CF4572DFB97A500DE858A /* GoogleMobileAds */,
				919CF45A2DFB97D100DE858A /* ApiOSSDK */,
			);
			productName = ObjcImplementation;
			productReference = 919CF0A32DF9D80800DE858A /* ObjcImplementation.app */;
			productType = "com.apple.product-type.application";
		};
		919CF0BD2DF9D80A00DE858A /* ObjcImplementationTests */ = {
			isa = PBXNativeTarget;
			buildConfigurationList = 919CF0D62DF9D80A00DE858A /* Build configuration list for PBXNativeTarget "ObjcImplementationTests" */;
			buildPhases = (
				919CF0BA2DF9D80A00DE858A /* Sources */,
				919CF0BB2DF9D80A00DE858A /* Frameworks */,
				919CF0BC2DF9D80A00DE858A /* Resources */,
			);
			buildRules = (
			);
			dependencies = (
				919CF0C02DF9D80A00DE858A /* PBXTargetDependency */,
			);
			fileSystemSynchronizedGroups = (
				919CF0C12DF9D80A00DE858A /* ObjcImplementationTests */,
			);
			name = ObjcImplementationTests;
			packageProductDependencies = (
			);
			productName = ObjcImplementationTests;
			productReference = 919CF0BE2DF9D80A00DE858A /* ObjcImplementationTests.xctest */;
			productType = "com.apple.product-type.bundle.unit-test";
		};
		919CF0C72DF9D80A00DE858A /* ObjcImplementationUITests */ = {
			isa = PBXNativeTarget;
			buildConfigurationList = 919CF0D92DF9D80A00DE858A /* Build configuration list for PBXNativeTarget "ObjcImplementationUITests" */;
			buildPhases = (
				919CF0C42DF9D80A00DE858A /* Sources */,
				919CF0C52DF9D80A00DE858A /* Frameworks */,
				919CF0C62DF9D80A00DE858A /* Resources */,
			);
			buildRules = (
			);
			dependencies = (
				919CF0CA2DF9D80A00DE858A /* PBXTargetDependency */,
			);
			fileSystemSynchronizedGroups = (
				919CF0CB2DF9D80A00DE858A /* ObjcImplementationUITests */,
			);
			name = ObjcImplementationUITests;
			packageProductDependencies = (
			);
			productName = ObjcImplementationUITests;
			productReference = 919CF0C82DF9D80A00DE858A /* ObjcImplementationUITests.xctest */;
			productType = "com.apple.product-type.bundle.ui-testing";
		};
/* End PBXNativeTarget section */

/* Begin PBXProject section */
		919CF09B2DF9D80800DE858A /* Project object */ = {
			isa = PBXProject;
			attributes = {
				BuildIndependentTargetsInParallel = 1;
				LastUpgradeCheck = 1640;
				TargetAttributes = {
					919CF0A22DF9D80800DE858A = {
						CreatedOnToolsVersion = 16.4;
					};
					919CF0BD2DF9D80A00DE858A = {
						CreatedOnToolsVersion = 16.4;
						TestTargetID = 919CF0A22DF9D80800DE858A;
					};
					919CF0C72DF9D80A00DE858A = {
						CreatedOnToolsVersion = 16.4;
						TestTargetID = 919CF0A22DF9D80800DE858A;
					};
				};
			};
			buildConfigurationList = 919CF09E2DF9D80800DE858A /* Build configuration list for PBXProject "ObjcImplementation" */;
			developmentRegion = en;
			hasScannedForEncodings = 0;
			knownRegions = (
				en,
				Base,
			);
			mainGroup = 919CF09A2DF9D80800DE858A;
			minimizedProjectReferenceProxies = 1;
			packageReferences = (
				919CF4562DFB97A500DE858A /* XCRemoteSwiftPackageReference "swift-package-manager-google-mobile-ads" */,
				919CF4592DFB97D100DE858A /* XCRemoteSwiftPackageReference "ApiOSSDK" */,
			);
			preferredProjectObjectVersion = 77;
			productRefGroup = 919CF0A42DF9D80800DE858A /* Products */;
			projectDirPath = "";
			projectRoot = "";
			targets = (
				919CF0A22DF9D80800DE858A /* ObjcImplementation */,
				919CF0BD2DF9D80A00DE858A /* ObjcImplementationTests */,
				919CF0C72DF9D80A00DE858A /* ObjcImplementationUITests */,
			);
		};
/* End PBXProject section */

/* Begin PBXResourcesBuildPhase section */
		919CF0A12DF9D80800DE858A /* Resources */ = {
			isa = PBXResourcesBuildPhase;
			buildActionMask = 2147483647;
			files = (
			);
			runOnlyForDeploymentPostprocessing = 0;
		};
		919CF0BC2DF9D80A00DE858A /* Resources */ = {
			isa = PBXResourcesBuildPhase;
			buildActionMask = 2147483647;
			files = (
			);
			runOnlyForDeploymentPostprocessing = 0;
		};
		919CF0C62DF9D80A00DE858A /* Resources */ = {
			isa = PBXResourcesBuildPhase;
			buildActionMask = 2147483647;
			files = (
			);
			runOnlyForDeploymentPostprocessing = 0;
		};
/* End PBXResourcesBuildPhase section */

/* Begin PBXSourcesBuildPhase section */
		919CF09F2DF9D80800DE858A /* Sources */ = {
			isa = PBXSourcesBuildPhase;
			buildActionMask = 2147483647;
			files = (
			);
			runOnlyForDeploymentPostprocessing = 0;
		};
		919CF0BA2DF9D80A00DE858A /* Sources */ = {
			isa = PBXSourcesBuildPhase;
			buildActionMask = 2147483647;
			files = (
			);
			runOnlyForDeploymentPostprocessing = 0;
		};
		919CF0C42DF9D80A00DE858A /* Sources */ = {
			isa = PBXSourcesBuildPhase;
			buildActionMask = 2147483647;
			files = (
			);
			runOnlyForDeploymentPostprocessing = 0;
		};
/* End PBXSourcesBuildPhase section */

/* Begin PBXTargetDependency section */
		919CF0C02DF9D80A00DE858A /* PBXTargetDependency */ = {
			isa = PBXTargetDependency;
			target = 919CF0A22DF9D80800DE858A /* ObjcImplementation */;
			targetProxy = 919CF0BF2DF9D80A00DE858A /* PBXContainerItemProxy */;
		};
		919CF0CA2DF9D80A00DE858A /* PBXTargetDependency */ = {
			isa = PBXTargetDependency;
			target = 919CF0A22DF9D80800DE858A /* ObjcImplementation */;
			targetProxy = 919CF0C92DF9D80A00DE858A /* PBXContainerItemProxy */;
		};
/* End PBXTargetDependency section */

/* Begin XCBuildConfiguration section */
		919CF0D22DF9D80A00DE858A /* Debug */ = {
			isa = XCBuildConfiguration;
			buildSettings = {
				ASSETCATALOG_COMPILER_APPICON_NAME = AppIcon;
				ASSETCATALOG_COMPILER_GLOBAL_ACCENT_COLOR_NAME = AccentColor;
				CODE_SIGN_STYLE = Automatic;
				CURRENT_PROJECT_VERSION = 1;
				DEVELOPMENT_TEAM = 3679CBRK7S;
				GENERATE_INFOPLIST_FILE = YES;
				INFOPLIST_FILE = ObjcImplementation/Info.plist;
				INFOPLIST_KEY_UIApplicationSupportsIndirectInputEvents = YES;
				INFOPLIST_KEY_UILaunchStoryboardName = LaunchScreen;
				INFOPLIST_KEY_UIMainStoryboardFile = Main;
				INFOPLIST_KEY_UISupportedInterfaceOrientations_iPad = "UIInterfaceOrientationPortrait UIInterfaceOrientationPortraitUpsideDown UIInterfaceOrientationLandscapeLeft UIInterfaceOrientationLandscapeRight";
				INFOPLIST_KEY_UISupportedInterfaceOrientations_iPhone = "UIInterfaceOrientationPortrait UIInterfaceOrientationLandscapeLeft UIInterfaceOrientationLandscapeRight";
				IPHONEOS_DEPLOYMENT_TARGET = 14.0;
				LD_RUNPATH_SEARCH_PATHS = (
					"$(inherited)",
					"@executable_path/Frameworks",
				);
				MARKETING_VERSION = 1.0;
				PRODUCT_BUNDLE_IDENTIFIER = com.adpushup.ObjcImplementation;
				PRODUCT_NAME = "$(TARGET_NAME)";
				SWIFT_EMIT_LOC_STRINGS = YES;
				TARGETED_DEVICE_FAMILY = "1,2";
			};
			name = Debug;
		};
		919CF0D32DF9D80A00DE858A /* Release */ = {
			isa = XCBuildConfiguration;
			buildSettings = {
				ASSETCATALOG_COMPILER_APPICON_NAME = AppIcon;
				ASSETCATALOG_COMPILER_GLOBAL_ACCENT_COLOR_NAME = AccentColor;
				CODE_SIGN_STYLE = Automatic;
				CURRENT_PROJECT_VERSION = 1;
				DEVELOPMENT_TEAM = 3679CBRK7S;
				GENERATE_INFOPLIST_FILE = YES;
				INFOPLIST_FILE = ObjcImplementation/Info.plist;
				INFOPLIST_KEY_UIApplicationSupportsIndirectInputEvents = YES;
				INFOPLIST_KEY_UILaunchStoryboardName = LaunchScreen;
				INFOPLIST_KEY_UIMainStoryboardFile = Main;
				INFOPLIST_KEY_UISupportedInterfaceOrientations_iPad = "UIInterfaceOrientationPortrait UIInterfaceOrientationPortraitUpsideDown UIInterfaceOrientationLandscapeLeft UIInterfaceOrientationLandscapeRight";
				INFOPLIST_KEY_UISupportedInterfaceOrientations_iPhone = "UIInterfaceOrientationPortrait UIInterfaceOrientationLandscapeLeft UIInterfaceOrientationLandscapeRight";
				IPHONEOS_DEPLOYMENT_TARGET = 14.0;
				LD_RUNPATH_SEARCH_PATHS = (
					"$(inherited)",
					"@executable_path/Frameworks",
				);
				MARKETING_VERSION = 1.0;
				PRODUCT_BUNDLE_IDENTIFIER = com.adpushup.ObjcImplementation;
				PRODUCT_NAME = "$(TARGET_NAME)";
				SWIFT_EMIT_LOC_STRINGS = YES;
				TARGETED_DEVICE_FAMILY = "1,2";
			};
			name = Release;
		};
		919CF0D42DF9D80A00DE858A /* Debug */ = {
			isa = XCBuildConfiguration;
			buildSettings = {
				ALWAYS_SEARCH_USER_PATHS = NO;
				ASSETCATALOG_COMPILER_GENERATE_SWIFT_ASSET_SYMBOL_EXTENSIONS = YES;
				CLANG_ANALYZER_NONNULL = YES;
				CLANG_ANALYZER_NUMBER_OBJECT_CONVERSION = YES_AGGRESSIVE;
				CLANG_CXX_LANGUAGE_STANDARD = "gnu++20";
				CLANG_ENABLE_MODULES = YES;
				CLANG_ENABLE_OBJC_ARC = YES;
				CLANG_ENABLE_OBJC_WEAK = YES;
				CLANG_WARN_BLOCK_CAPTURE_AUTORELEASING = YES;
				CLANG_WARN_BOOL_CONVERSION = YES;
				CLANG_WARN_COMMA = YES;
				CLANG_WARN_CONSTANT_CONVERSION = YES;
				CLANG_WARN_DEPRECATED_OBJC_IMPLEMENTATIONS = YES;
				CLANG_WARN_DIRECT_OBJC_ISA_USAGE = YES_ERROR;
				CLANG_WARN_DOCUMENTATION_COMMENTS = YES;
				CLANG_WARN_EMPTY_BODY = YES;
				CLANG_WARN_ENUM_CONVERSION = YES;
				CLANG_WARN_INFINITE_RECURSION = YES;
				CLANG_WARN_INT_CONVERSION = YES;
				CLANG_WARN_NON_LITERAL_NULL_CONVERSION = YES;
				CLANG_WARN_OBJC_IMPLICIT_RETAIN_SELF = YES;
				CLANG_WARN_OBJC_LITERAL_CONVERSION = YES;
				CLANG_WARN_OBJC_ROOT_CLASS = YES_ERROR;
				CLANG_WARN_QUOTED_INCLUDE_IN_FRAMEWORK_HEADER = YES;
				CLANG_WARN_RANGE_LOOP_ANALYSIS = YES;
				CLANG_WARN_STRICT_PROTOTYPES = YES;
				CLANG_WARN_SUSPICIOUS_MOVE = YES;
				CLANG_WARN_UNGUARDED_AVAILABILITY = YES_AGGRESSIVE;
				CLANG_WARN_UNREACHABLE_CODE = YES;
				CLANG_WARN__DUPLICATE_METHOD_MATCH = YES;
				COPY_PHASE_STRIP = NO;
				DEBUG_INFORMATION_FORMAT = dwarf;
				DEVELOPMENT_TEAM = 3679CBRK7S;
				ENABLE_STRICT_OBJC_MSGSEND = YES;
				ENABLE_TESTABILITY = YES;
				ENABLE_USER_SCRIPT_SANDBOXING = YES;
				GCC_C_LANGUAGE_STANDARD = gnu17;
				GCC_DYNAMIC_NO_PIC = NO;
				GCC_NO_COMMON_BLOCKS = YES;
				GCC_OPTIMIZATION_LEVEL = 0;
				GCC_PREPROCESSOR_DEFINITIONS = (
					"DEBUG=1",
					"$(inherited)",
				);
				GCC_WARN_64_TO_32_BIT_CONVERSION = YES;
				GCC_WARN_ABOUT_RETURN_TYPE = YES_ERROR;
				GCC_WARN_UNDECLARED_SELECTOR = YES;
				GCC_WARN_UNINITIALIZED_AUTOS = YES_AGGRESSIVE;
				GCC_WARN_UNUSED_FUNCTION = YES;
				GCC_WARN_UNUSED_VARIABLE = YES;
				IPHONEOS_DEPLOYMENT_TARGET = 18.5;
				LOCALIZATION_PREFERS_STRING_CATALOGS = YES;
				MTL_ENABLE_DEBUG_INFO = INCLUDE_SOURCE;
				MTL_FAST_MATH = YES;
				ONLY_ACTIVE_ARCH = YES;
				SDKROOT = iphoneos;
			};
			name = Debug;
		};
		919CF0D52DF9D80A00DE858A /* Release */ = {
			isa = XCBuildConfiguration;
			buildSettings = {
				ALWAYS_SEARCH_USER_PATHS = NO;
				ASSETCATALOG_COMPILER_GENERATE_SWIFT_ASSET_SYMBOL_EXTENSIONS = YES;
				CLANG_ANALYZER_NONNULL = YES;
				CLANG_ANALYZER_NUMBER_OBJECT_CONVERSION = YES_AGGRESSIVE;
				CLANG_CXX_LANGUAGE_STANDARD = "gnu++20";
				CLANG_ENABLE_MODULES = YES;
				CLANG_ENABLE_OBJC_ARC = YES;
				CLANG_ENABLE_OBJC_WEAK = YES;
				CLANG_WARN_BLOCK_CAPTURE_AUTORELEASING = YES;
				CLANG_WARN_BOOL_CONVERSION = YES;
				CLANG_WARN_COMMA = YES;
				CLANG_WARN_CONSTANT_CONVERSION = YES;
				CLANG_WARN_DEPRECATED_OBJC_IMPLEMENTATIONS = YES;
				CLANG_WARN_DIRECT_OBJC_ISA_USAGE = YES_ERROR;
				CLANG_WARN_DOCUMENTATION_COMMENTS = YES;
				CLANG_WARN_EMPTY_BODY = YES;
				CLANG_WARN_ENUM_CONVERSION = YES;
				CLANG_WARN_INFINITE_RECURSION = YES;
				CLANG_WARN_INT_CONVERSION = YES;
				CLANG_WARN_NON_LITERAL_NULL_CONVERSION = YES;
				CLANG_WARN_OBJC_IMPLICIT_RETAIN_SELF = YES;
				CLANG_WARN_OBJC_LITERAL_CONVERSION = YES;
				CLANG_WARN_OBJC_ROOT_CLASS = YES_ERROR;
				CLANG_WARN_QUOTED_INCLUDE_IN_FRAMEWORK_HEADER = YES;
				CLANG_WARN_RANGE_LOOP_ANALYSIS = YES;
				CLANG_WARN_STRICT_PROTOTYPES = YES;
				CLANG_WARN_SUSPICIOUS_MOVE = YES;
				CLANG_WARN_UNGUARDED_AVAILABILITY = YES_AGGRESSIVE;
				CLANG_WARN_UNREACHABLE_CODE = YES;
				CLANG_WARN__DUPLICATE_METHOD_MATCH = YES;
				COPY_PHASE_STRIP = NO;
				DEBUG_INFORMATION_FORMAT = "dwarf-with-dsym";
				DEVELOPMENT_TEAM = 3679CBRK7S;
				ENABLE_NS_ASSERTIONS = NO;
				ENABLE_STRICT_OBJC_MSGSEND = YES;
				ENABLE_USER_SCRIPT_SANDBOXING = YES;
				GCC_C_LANGUAGE_STANDARD = gnu17;
				GCC_NO_COMMON_BLOCKS = YES;
				GCC_WARN_64_TO_32_BIT_CONVERSION = YES;
				GCC_WARN_ABOUT_RETURN_TYPE = YES_ERROR;
				GCC_WARN_UNDECLARED_SELECTOR = YES;
				GCC_WARN_UNINITIALIZED_AUTOS = YES_AGGRESSIVE;
				GCC_WARN_UNUSED_FUNCTION = YES;
				GCC_WARN_UNUSED_VARIABLE = YES;
				IPHONEOS_DEPLOYMENT_TARGET = 18.5;
				LOCALIZATION_PREFERS_STRING_CATALOGS = YES;
				MTL_ENABLE_DEBUG_INFO = NO;
				MTL_FAST_MATH = YES;
				SDKROOT = iphoneos;
				VALIDATE_PRODUCT = YES;
			};
			name = Release;
		};
		919CF0D72DF9D80A00DE858A /* Debug */ = {
			isa = XCBuildConfiguration;
			buildSettings = {
				BUNDLE_LOADER = "$(TEST_HOST)";
				CODE_SIGN_STYLE = Automatic;
				CURRENT_PROJECT_VERSION = 1;
				DEVELOPMENT_TEAM = 3679CBRK7S;
				GENERATE_INFOPLIST_FILE = YES;
				IPHONEOS_DEPLOYMENT_TARGET = 18.5;
				MARKETING_VERSION = 1.0;
				PRODUCT_BUNDLE_IDENTIFIER = com.adpushup.ObjcImplementationTests;
				PRODUCT_NAME = "$(TARGET_NAME)";
				SWIFT_EMIT_LOC_STRINGS = NO;
				TARGETED_DEVICE_FAMILY = "1,2";
				TEST_HOST = "$(BUILT_PRODUCTS_DIR)/ObjcImplementation.app/$(BUNDLE_EXECUTABLE_FOLDER_PATH)/ObjcImplementation";
			};
			name = Debug;
		};
		919CF0D82DF9D80A00DE858A /* Release */ = {
			isa = XCBuildConfiguration;
			buildSettings = {
				BUNDLE_LOADER = "$(TEST_HOST)";
				CODE_SIGN_STYLE = Automatic;
				CURRENT_PROJECT_VERSION = 1;
				DEVELOPMENT_TEAM = 3679CBRK7S;
				GENERATE_INFOPLIST_FILE = YES;
				IPHONEOS_DEPLOYMENT_TARGET = 18.5;
				MARKETING_VERSION = 1.0;
				PRODUCT_BUNDLE_IDENTIFIER = com.adpushup.ObjcImplementationTests;
				PRODUCT_NAME = "$(TARGET_NAME)";
				SWIFT_EMIT_LOC_STRINGS = NO;
				TARGETED_DEVICE_FAMILY = "1,2";
				TEST_HOST = "$(BUILT_PRODUCTS_DIR)/ObjcImplementation.app/$(BUNDLE_EXECUTABLE_FOLDER_PATH)/ObjcImplementation";
			};
			name = Release;
		};
		919CF0DA2DF9D80A00DE858A /* Debug */ = {
			isa = XCBuildConfiguration;
			buildSettings = {
				CODE_SIGN_STYLE = Automatic;
				CURRENT_PROJECT_VERSION = 1;
				DEVELOPMENT_TEAM = 3679CBRK7S;
				GENERATE_INFOPLIST_FILE = YES;
				MARKETING_VERSION = 1.0;
				PRODUCT_BUNDLE_IDENTIFIER = com.adpushup.ObjcImplementationUITests;
				PRODUCT_NAME = "$(TARGET_NAME)";
				SWIFT_EMIT_LOC_STRINGS = NO;
				TARGETED_DEVICE_FAMILY = "1,2";
				TEST_TARGET_NAME = ObjcImplementation;
			};
			name = Debug;
		};
		919CF0DB2DF9D80A00DE858A /* Release */ = {
			isa = XCBuildConfiguration;
			buildSettings = {
				CODE_SIGN_STYLE = Automatic;
				CURRENT_PROJECT_VERSION = 1;
				DEVELOPMENT_TEAM = 3679CBRK7S;
				GENERATE_INFOPLIST_FILE = YES;
				MARKETING_VERSION = 1.0;
				PRODUCT_BUNDLE_IDENTIFIER = com.adpushup.ObjcImplementationUITests;
				PRODUCT_NAME = "$(TARGET_NAME)";
				SWIFT_EMIT_LOC_STRINGS = NO;
				TARGETED_DEVICE_FAMILY = "1,2";
				TEST_TARGET_NAME = ObjcImplementation;
			};
			name = Release;
		};
/* End XCBuildConfiguration section */

/* Begin XCConfigurationList section */
		919CF09E2DF9D80800DE858A /* Build configuration list for PBXProject "ObjcImplementation" */ = {
			isa = XCConfigurationList;
			buildConfigurations = (
				919CF0D42DF9D80A00DE858A /* Debug */,
				919CF0D52DF9D80A00DE858A /* Release */,
			);
			defaultConfigurationIsVisible = 0;
			defaultConfigurationName = Release;
		};
		919CF0D12DF9D80A00DE858A /* Build configuration list for PBXNativeTarget "ObjcImplementation" */ = {
			isa = XCConfigurationList;
			buildConfigurations = (
				919CF0D22DF9D80A00DE858A /* Debug */,
				919CF0D32DF9D80A00DE858A /* Release */,
			);
			defaultConfigurationIsVisible = 0;
			defaultConfigurationName = Release;
		};
		919CF0D62DF9D80A00DE858A /* Build configuration list for PBXNativeTarget "ObjcImplementationTests" */ = {
			isa = XCConfigurationList;
			buildConfigurations = (
				919CF0D72DF9D80A00DE858A /* Debug */,
				919CF0D82DF9D80A00DE858A /* Release */,
			);
			defaultConfigurationIsVisible = 0;
			defaultConfigurationName = Release;
		};
		919CF0D92DF9D80A00DE858A /* Build configuration list for PBXNativeTarget "ObjcImplementationUITests" */ = {
			isa = XCConfigurationList;
			buildConfigurations = (
				919CF0DA2DF9D80A00DE858A /* Debug */,
				919CF0DB2DF9D80A00DE858A /* Release */,
			);
			defaultConfigurationIsVisible = 0;
			defaultConfigurationName = Release;
		};
/* End XCConfigurationList section */

/* Begin XCRemoteSwiftPackageReference section */
		919CF4562DFB97A500DE858A /* XCRemoteSwiftPackageReference "swift-package-manager-google-mobile-ads" */ = {
			isa = XCRemoteSwiftPackageReference;
			repositoryURL = "https://github.com/googleads/swift-package-manager-google-mobile-ads.git";
			requirement = {
				kind = upToNextMajorVersion;
				minimumVersion = 11.13.0;
			};
		};
		919CF4592DFB97D100DE858A /* XCRemoteSwiftPackageReference "ApiOSSDK" */ = {
			isa = XCRemoteSwiftPackageReference;
			repositoryURL = "https://github.com/adpushup/ApiOSSDK.git";
			requirement = {
				kind = upToNextMajorVersion;
				minimumVersion = 1.0.1;
			};
		};
/* End XCRemoteSwiftPackageReference section */

/* Begin XCSwiftPackageProductDependency section */
		919CF4572DFB97A500DE858A /* GoogleMobileAds */ = {
			isa = XCSwiftPackageProductDependency;
			package = 919CF4562DFB97A500DE858A /* XCRemoteSwiftPackageReference "swift-package-manager-google-mobile-ads" */;
			productName = GoogleMobileAds;
		};
		919CF45A2DFB97D100DE858A /* ApiOSSDK */ = {
			isa = XCSwiftPackageProductDependency;
			package = 919CF4592DFB97D100DE858A /* XCRemoteSwiftPackageReference "ApiOSSDK" */;
			productName = ApiOSSDK;
		};
/* End XCSwiftPackageProductDependency section */
	};
	rootObject = 919CF09B2DF9D80800DE858A /* Project object */;
}
