// !$*UTF8*$!
{
	archiveVersion = 1;
	classes = {
	};
	objectVersion = 77;
	objects = {

/* Begin PBXBuildFile section */
		910EBBD72E04A9740023E595 /* ApiOSSDK in Frameworks */ = {isa = PBXBuildFile; productRef = 910EBBD62E04A9740023E595 /* ApiOSSDK */; };
		919CEE592DF8285D00DE858A /* GoogleMobileAds in Frameworks */ = {isa = PBXBuildFile; productRef = 919CEE582DF8285D00DE858A /* GoogleMobileAds */; };
/* End PBXBuildFile section */

/* Begin PBXContainerItemProxy section */
		919CED172DF7564300DE858A /* PBXContainerItemProxy */ = {
			isa = PBXContainerItemProxy;
			containerPortal = 919CECF82DF7564200DE858A /* Project object */;
			proxyType = 1;
			remoteGlobalIDString = 919CECFF2DF7564200DE858A;
			remoteInfo = SwiftImplementation;
		};
		919CED212DF7564300DE858A /* PBXContainerItemProxy */ = {
			isa = PBXContainerItemProxy;
			containerPortal = 919CECF82DF7564200DE858A /* Project object */;
			proxyType = 1;
			remoteGlobalIDString = 919CECFF2DF7564200DE858A;
			remoteInfo = SwiftImplementation;
		};
/* End PBXContainerItemProxy section */

/* Begin PBXFileReference section */
		919CED002DF7564200DE858A /* SwiftImplementation.app */ = {isa = PBXFileReference; explicitFileType = wrapper.application; includeInIndex = 0; path = SwiftImplementation.app; sourceTree = BUILT_PRODUCTS_DIR; };
		919CED162DF7564300DE858A /* SwiftImplementationTests.xctest */ = {isa = PBXFileReference; explicitFileType = wrapper.cfbundle; includeInIndex = 0; path = SwiftImplementationTests.xctest; sourceTree = BUILT_PRODUCTS_DIR; };
		919CED202DF7564300DE858A /* SwiftImplementationUITests.xctest */ = {isa = PBXFileReference; explicitFileType = wrapper.cfbundle; includeInIndex = 0; path = SwiftImplementationUITests.xctest; sourceTree = BUILT_PRODUCTS_DIR; };
/* End PBXFileReference section */

/* Begin PBXFileSystemSynchronizedBuildFileExceptionSet section */
		919CED282DF7564300DE858A /* Exceptions for "SwiftImplementation" folder in "SwiftImplementation" target */ = {
			isa = PBXFileSystemSynchronizedBuildFileExceptionSet;
			membershipExceptions = (
				Info.plist,
			);
			target = 919CECFF2DF7564200DE858A /* SwiftImplementation */;
		};
/* End PBXFileSystemSynchronizedBuildFileExceptionSet section */

/* Begin PBXFileSystemSynchronizedRootGroup section */
		919CED022DF7564200DE858A /* SwiftImplementation */ = {
			isa = PBXFileSystemSynchronizedRootGroup;
			exceptions = (
				919CED282DF7564300DE858A /* Exceptions for "SwiftImplementation" folder in "SwiftImplementation" target */,
			);
			path = SwiftImplementation;
			sourceTree = "<group>";
		};
		919CED192DF7564300DE858A /* SwiftImplementationTests */ = {
			isa = PBXFileSystemSynchronizedRootGroup;
			path = SwiftImplementationTests;
			sourceTree = "<group>";
		};
		919CED232DF7564300DE858A /* SwiftImplementationUITests */ = {
			isa = PBXFileSystemSynchronizedRootGroup;
			path = SwiftImplementationUITests;
			sourceTree = "<group>";
		};
/* End PBXFileSystemSynchronizedRootGroup section */

/* Begin PBXFrameworksBuildPhase section */
		919CECFD2DF7564200DE858A /* Frameworks */ = {
			isa = PBXFrameworksBuildPhase;
			buildActionMask = 2147483647;
			files = (
				910EBBD72E04A9740023E595 /* ApiOSSDK in Frameworks */,
				919CEE592DF8285D00DE858A /* GoogleMobileAds in Frameworks */,
			);
			runOnlyForDeploymentPostprocessing = 0;
		};
		919CED132DF7564300DE858A /* Frameworks */ = {
			isa = PBXFrameworksBuildPhase;
			buildActionMask = 2147483647;
			files = (
			);
			runOnlyForDeploymentPostprocessing = 0;
		};
		919CED1D2DF7564300DE858A /* Frameworks */ = {
			isa = PBXFrameworksBuildPhase;
			buildActionMask = 2147483647;
			files = (
			);
			runOnlyForDeploymentPostprocessing = 0;
		};
/* End PBXFrameworksBuildPhase section */

/* Begin PBXGroup section */
		919CECF72DF7564200DE858A = {
			isa = PBXGroup;
			children = (
				919CED022DF7564200DE858A /* SwiftImplementation */,
				919CED192DF7564300DE858A /* SwiftImplementationTests */,
				919CED232DF7564300DE858A /* SwiftImplementationUITests */,
				919CED012DF7564200DE858A /* Products */,
			);
			sourceTree = "<group>";
		};
		919CED012DF7564200DE858A /* Products */ = {
			isa = PBXGroup;
			children = (
				919CED002DF7564200DE858A /* SwiftImplementation.app */,
				919CED162DF7564300DE858A /* SwiftImplementationTests.xctest */,
				919CED202DF7564300DE858A /* SwiftImplementationUITests.xctest */,
			);
			name = Products;
			sourceTree = "<group>";
		};
/* End PBXGroup section */

/* Begin PBXNativeTarget section */
		919CECFF2DF7564200DE858A /* SwiftImplementation */ = {
			isa = PBXNativeTarget;
			buildConfigurationList = 919CED292DF7564300DE858A /* Build configuration list for PBXNativeTarget "SwiftImplementation" */;
			buildPhases = (
				919CECFC2DF7564200DE858A /* Sources */,
				919CECFD2DF7564200DE858A /* Frameworks */,
				919CECFE2DF7564200DE858A /* Resources */,
			);
			buildRules = (
			);
			dependencies = (
			);
			fileSystemSynchronizedGroups = (
				919CED022DF7564200DE858A /* SwiftImplementation */,
			);
			name = SwiftImplementation;
			packageProductDependencies = (
				919CEE582DF8285D00DE858A /* GoogleMobileAds */,
				910EBBD62E04A9740023E595 /* ApiOSSDK */,
			);
			productName = SwiftImplementation;
			productReference = 919CED002DF7564200DE858A /* SwiftImplementation.app */;
			productType = "com.apple.product-type.application";
		};
		919CED152DF7564300DE858A /* SwiftImplementationTests */ = {
			isa = PBXNativeTarget;
			buildConfigurationList = 919CED2E2DF7564300DE858A /* Build configuration list for PBXNativeTarget "SwiftImplementationTests" */;
			buildPhases = (
				919CED122DF7564300DE858A /* Sources */,
				919CED132DF7564300DE858A /* Frameworks */,
				919CED142DF7564300DE858A /* Resources */,
			);
			buildRules = (
			);
			dependencies = (
				919CED182DF7564300DE858A /* PBXTargetDependency */,
			);
			fileSystemSynchronizedGroups = (
				919CED192DF7564300DE858A /* SwiftImplementationTests */,
			);
			name = SwiftImplementationTests;
			packageProductDependencies = (
			);
			productName = SwiftImplementationTests;
			productReference = 919CED162DF7564300DE858A /* SwiftImplementationTests.xctest */;
			productType = "com.apple.product-type.bundle.unit-test";
		};
		919CED1F2DF7564300DE858A /* SwiftImplementationUITests */ = {
			isa = PBXNativeTarget;
			buildConfigurationList = 919CED312DF7564300DE858A /* Build configuration list for PBXNativeTarget "SwiftImplementationUITests" */;
			buildPhases = (
				919CED1C2DF7564300DE858A /* Sources */,
				919CED1D2DF7564300DE858A /* Frameworks */,
				919CED1E2DF7564300DE858A /* Resources */,
			);
			buildRules = (
			);
			dependencies = (
				919CED222DF7564300DE858A /* PBXTargetDependency */,
			);
			fileSystemSynchronizedGroups = (
				919CED232DF7564300DE858A /* SwiftImplementationUITests */,
			);
			name = SwiftImplementationUITests;
			packageProductDependencies = (
			);
			productName = SwiftImplementationUITests;
			productReference = 919CED202DF7564300DE858A /* SwiftImplementationUITests.xctest */;
			productType = "com.apple.product-type.bundle.ui-testing";
		};
/* End PBXNativeTarget section */

/* Begin PBXProject section */
		919CECF82DF7564200DE858A /* Project object */ = {
			isa = PBXProject;
			attributes = {
				BuildIndependentTargetsInParallel = 1;
				LastSwiftUpdateCheck = 1640;
				LastUpgradeCheck = 1640;
				TargetAttributes = {
					919CECFF2DF7564200DE858A = {
						CreatedOnToolsVersion = 16.4;
					};
					919CED152DF7564300DE858A = {
						CreatedOnToolsVersion = 16.4;
						TestTargetID = 919CECFF2DF7564200DE858A;
					};
					919CED1F2DF7564300DE858A = {
						CreatedOnToolsVersion = 16.4;
						TestTargetID = 919CECFF2DF7564200DE858A;
					};
				};
			};
			buildConfigurationList = 919CECFB2DF7564200DE858A /* Build configuration list for PBXProject "SwiftImplementation" */;
			developmentRegion = en;
			hasScannedForEncodings = 0;
			knownRegions = (
				en,
				Base,
			);
			mainGroup = 919CECF72DF7564200DE858A;
			minimizedProjectReferenceProxies = 1;
			packageReferences = (
				919CEE572DF8285D00DE858A /* XCRemoteSwiftPackageReference "swift-package-manager-google-mobile-ads" */,
				910EBBD52E04A9740023E595 /* XCRemoteSwiftPackageReference "ApiOSSDK" */,
			);
			preferredProjectObjectVersion = 77;
			productRefGroup = 919CED012DF7564200DE858A /* Products */;
			projectDirPath = "";
			projectRoot = "";
			targets = (
				919CECFF2DF7564200DE858A /* SwiftImplementation */,
				919CED152DF7564300DE858A /* SwiftImplementationTests */,
				919CED1F2DF7564300DE858A /* SwiftImplementationUITests */,
			);
		};
/* End PBXProject section */

/* Begin PBXResourcesBuildPhase section */
		919CECFE2DF7564200DE858A /* Resources */ = {
			isa = PBXResourcesBuildPhase;
			buildActionMask = 2147483647;
			files = (
			);
			runOnlyForDeploymentPostprocessing = 0;
		};
		919CED142DF7564300DE858A /* Resources */ = {
			isa = PBXResourcesBuildPhase;
			buildActionMask = 2147483647;
			files = (
			);
			runOnlyForDeploymentPostprocessing = 0;
		};
		919CED1E2DF7564300DE858A /* Resources */ = {
			isa = PBXResourcesBuildPhase;
			buildActionMask = 2147483647;
			files = (
			);
			runOnlyForDeploymentPostprocessing = 0;
		};
/* End PBXResourcesBuildPhase section */

/* Begin PBXSourcesBuildPhase section */
		919CECFC2DF7564200DE858A /* Sources */ = {
			isa = PBXSourcesBuildPhase;
			buildActionMask = 2147483647;
			files = (
			);
			runOnlyForDeploymentPostprocessing = 0;
		};
		919CED122DF7564300DE858A /* Sources */ = {
			isa = PBXSourcesBuildPhase;
			buildActionMask = 2147483647;
			files = (
			);
			runOnlyForDeploymentPostprocessing = 0;
		};
		919CED1C2DF7564300DE858A /* Sources */ = {
			isa = PBXSourcesBuildPhase;
			buildActionMask = 2147483647;
			files = (
			);
			runOnlyForDeploymentPostprocessing = 0;
		};
/* End PBXSourcesBuildPhase section */

/* Begin PBXTargetDependency section */
		919CED182DF7564300DE858A /* PBXTargetDependency */ = {
			isa = PBXTargetDependency;
			target = 919CECFF2DF7564200DE858A /* SwiftImplementation */;
			targetProxy = 919CED172DF7564300DE858A /* PBXContainerItemProxy */;
		};
		919CED222DF7564300DE858A /* PBXTargetDependency */ = {
			isa = PBXTargetDependency;
			target = 919CECFF2DF7564200DE858A /* SwiftImplementation */;
			targetProxy = 919CED212DF7564300DE858A /* PBXContainerItemProxy */;
		};
/* End PBXTargetDependency section */

/* Begin XCBuildConfiguration section */
		919CED2A2DF7564300DE858A /* Debug */ = {
			isa = XCBuildConfiguration;
			buildSettings = {
				ASSETCATALOG_COMPILER_APPICON_NAME = AppIcon;
				ASSETCATALOG_COMPILER_GLOBAL_ACCENT_COLOR_NAME = AccentColor;
				CODE_SIGN_STYLE = Automatic;
				CURRENT_PROJECT_VERSION = 1;
				DEVELOPMENT_TEAM = 3679CBRK7S;
				GENERATE_INFOPLIST_FILE = YES;
				INFOPLIST_FILE = SwiftImplementation/Info.plist;
				INFOPLIST_KEY_UIApplicationSupportsIndirectInputEvents = YES;
				INFOPLIST_KEY_UILaunchStoryboardName = LaunchScreen;
				INFOPLIST_KEY_UIMainStoryboardFile = Main;
				INFOPLIST_KEY_UISupportedInterfaceOrientations_iPad = "UIInterfaceOrientationPortrait UIInterfaceOrientationPortraitUpsideDown UIInterfaceOrientationLandscapeLeft UIInterfaceOrientationLandscapeRight";
				INFOPLIST_KEY_UISupportedInterfaceOrientations_iPhone = "UIInterfaceOrientationPortrait UIInterfaceOrientationLandscapeLeft UIInterfaceOrientationLandscapeRight";
				IPHONEOS_DEPLOYMENT_TARGET = 14.0;
				LD_RUNPATH_SEARCH_PATHS = (
					"$(inherited)",
					"@executable_path/Frameworks",
				);
				MARKETING_VERSION = 1.0;
				PRODUCT_BUNDLE_IDENTIFIER = com.adpushup.SwiftImplementation;
				PRODUCT_NAME = "$(TARGET_NAME)";
				SWIFT_EMIT_LOC_STRINGS = YES;
				SWIFT_VERSION = 5.0;
				TARGETED_DEVICE_FAMILY = "1,2";
			};
			name = Debug;
		};
		919CED2B2DF7564300DE858A /* Release */ = {
			isa = XCBuildConfiguration;
			buildSettings = {
				ASSETCATALOG_COMPILER_APPICON_NAME = AppIcon;
				ASSETCATALOG_COMPILER_GLOBAL_ACCENT_COLOR_NAME = AccentColor;
				CODE_SIGN_STYLE = Automatic;
				CURRENT_PROJECT_VERSION = 1;
				DEVELOPMENT_TEAM = 3679CBRK7S;
				GENERATE_INFOPLIST_FILE = YES;
				INFOPLIST_FILE = SwiftImplementation/Info.plist;
				INFOPLIST_KEY_UIApplicationSupportsIndirectInputEvents = YES;
				INFOPLIST_KEY_UILaunchStoryboardName = LaunchScreen;
				INFOPLIST_KEY_UIMainStoryboardFile = Main;
				INFOPLIST_KEY_UISupportedInterfaceOrientations_iPad = "UIInterfaceOrientationPortrait UIInterfaceOrientationPortraitUpsideDown UIInterfaceOrientationLandscapeLeft UIInterfaceOrientationLandscapeRight";
				INFOPLIST_KEY_UISupportedInterfaceOrientations_iPhone = "UIInterfaceOrientationPortrait UIInterfaceOrientationLandscapeLeft UIInterfaceOrientationLandscapeRight";
				IPHONEOS_DEPLOYMENT_TARGET = 14.0;
				LD_RUNPATH_SEARCH_PATHS = (
					"$(inherited)",
					"@executable_path/Frameworks",
				);
				MARKETING_VERSION = 1.0;
				PRODUCT_BUNDLE_IDENTIFIER = com.adpushup.SwiftImplementation;
				PRODUCT_NAME = "$(TARGET_NAME)";
				SWIFT_EMIT_LOC_STRINGS = YES;
				SWIFT_VERSION = 5.0;
				TARGETED_DEVICE_FAMILY = "1,2";
			};
			name = Release;
		};
		919CED2C2DF7564300DE858A /* Debug */ = {
			isa = XCBuildConfiguration;
			buildSettings = {
				ALWAYS_SEARCH_USER_PATHS = NO;
				ASSETCATALOG_COMPILER_GENERATE_SWIFT_ASSET_SYMBOL_EXTENSIONS = YES;
				CLANG_ANALYZER_NONNULL = YES;
				CLANG_ANALYZER_NUMBER_OBJECT_CONVERSION = YES_AGGRESSIVE;
				CLANG_CXX_LANGUAGE_STANDARD = "gnu++20";
				CLANG_ENABLE_MODULES = YES;
				CLANG_ENABLE_OBJC_ARC = YES;
				CLANG_ENABLE_OBJC_WEAK = YES;
				CLANG_WARN_BLOCK_CAPTURE_AUTORELEASING = YES;
				CLANG_WARN_BOOL_CONVERSION = YES;
				CLANG_WARN_COMMA = YES;
				CLANG_WARN_CONSTANT_CONVERSION = YES;
				CLANG_WARN_DEPRECATED_OBJC_IMPLEMENTATIONS = YES;
				CLANG_WARN_DIRECT_OBJC_ISA_USAGE = YES_ERROR;
				CLANG_WARN_DOCUMENTATION_COMMENTS = YES;
				CLANG_WARN_EMPTY_BODY = YES;
				CLANG_WARN_ENUM_CONVERSION = YES;
				CLANG_WARN_INFINITE_RECURSION = YES;
				CLANG_WARN_INT_CONVERSION = YES;
				CLANG_WARN_NON_LITERAL_NULL_CONVERSION = YES;
				CLANG_WARN_OBJC_IMPLICIT_RETAIN_SELF = YES;
				CLANG_WARN_OBJC_LITERAL_CONVERSION = YES;
				CLANG_WARN_OBJC_ROOT_CLASS = YES_ERROR;
				CLANG_WARN_QUOTED_INCLUDE_IN_FRAMEWORK_HEADER = YES;
				CLANG_WARN_RANGE_LOOP_ANALYSIS = YES;
				CLANG_WARN_STRICT_PROTOTYPES = YES;
				CLANG_WARN_SUSPICIOUS_MOVE = YES;
				CLANG_WARN_UNGUARDED_AVAILABILITY = YES_AGGRESSIVE;
				CLANG_WARN_UNREACHABLE_CODE = YES;
				CLANG_WARN__DUPLICATE_METHOD_MATCH = YES;
				COPY_PHASE_STRIP = NO;
				DEBUG_INFORMATION_FORMAT = dwarf;
				DEVELOPMENT_TEAM = 3679CBRK7S;
				ENABLE_STRICT_OBJC_MSGSEND = YES;
				ENABLE_TESTABILITY = YES;
				ENABLE_USER_SCRIPT_SANDBOXING = YES;
				GCC_C_LANGUAGE_STANDARD = gnu17;
				GCC_DYNAMIC_NO_PIC = NO;
				GCC_NO_COMMON_BLOCKS = YES;
				GCC_OPTIMIZATION_LEVEL = 0;
				GCC_PREPROCESSOR_DEFINITIONS = (
					"DEBUG=1",
					"$(inherited)",
				);
				GCC_WARN_64_TO_32_BIT_CONVERSION = YES;
				GCC_WARN_ABOUT_RETURN_TYPE = YES_ERROR;
				GCC_WARN_UNDECLARED_SELECTOR = YES;
				GCC_WARN_UNINITIALIZED_AUTOS = YES_AGGRESSIVE;
				GCC_WARN_UNUSED_FUNCTION = YES;
				GCC_WARN_UNUSED_VARIABLE = YES;
				IPHONEOS_DEPLOYMENT_TARGET = 18.5;
				LOCALIZATION_PREFERS_STRING_CATALOGS = YES;
				MTL_ENABLE_DEBUG_INFO = INCLUDE_SOURCE;
				MTL_FAST_MATH = YES;
				ONLY_ACTIVE_ARCH = YES;
				SDKROOT = iphoneos;
				SWIFT_ACTIVE_COMPILATION_CONDITIONS = "DEBUG $(inherited)";
				SWIFT_OPTIMIZATION_LEVEL = "-Onone";
			};
			name = Debug;
		};
		919CED2D2DF7564300DE858A /* Release */ = {
			isa = XCBuildConfiguration;
			buildSettings = {
				ALWAYS_SEARCH_USER_PATHS = NO;
				ASSETCATALOG_COMPILER_GENERATE_SWIFT_ASSET_SYMBOL_EXTENSIONS = YES;
				CLANG_ANALYZER_NONNULL = YES;
				CLANG_ANALYZER_NUMBER_OBJECT_CONVERSION = YES_AGGRESSIVE;
				CLANG_CXX_LANGUAGE_STANDARD = "gnu++20";
				CLANG_ENABLE_MODULES = YES;
				CLANG_ENABLE_OBJC_ARC = YES;
				CLANG_ENABLE_OBJC_WEAK = YES;
				CLANG_WARN_BLOCK_CAPTURE_AUTORELEASING = YES;
				CLANG_WARN_BOOL_CONVERSION = YES;
				CLANG_WARN_COMMA = YES;
				CLANG_WARN_CONSTANT_CONVERSION = YES;
				CLANG_WARN_DEPRECATED_OBJC_IMPLEMENTATIONS = YES;
				CLANG_WARN_DIRECT_OBJC_ISA_USAGE = YES_ERROR;
				CLANG_WARN_DOCUMENTATION_COMMENTS = YES;
				CLANG_WARN_EMPTY_BODY = YES;
				CLANG_WARN_ENUM_CONVERSION = YES;
				CLANG_WARN_INFINITE_RECURSION = YES;
				CLANG_WARN_INT_CONVERSION = YES;
				CLANG_WARN_NON_LITERAL_NULL_CONVERSION = YES;
				CLANG_WARN_OBJC_IMPLICIT_RETAIN_SELF = YES;
				CLANG_WARN_OBJC_LITERAL_CONVERSION = YES;
				CLANG_WARN_OBJC_ROOT_CLASS = YES_ERROR;
				CLANG_WARN_QUOTED_INCLUDE_IN_FRAMEWORK_HEADER = YES;
				CLANG_WARN_RANGE_LOOP_ANALYSIS = YES;
				CLANG_WARN_STRICT_PROTOTYPES = YES;
				CLANG_WARN_SUSPICIOUS_MOVE = YES;
				CLANG_WARN_UNGUARDED_AVAILABILITY = YES_AGGRESSIVE;
				CLANG_WARN_UNREACHABLE_CODE = YES;
				CLANG_WARN__DUPLICATE_METHOD_MATCH = YES;
				COPY_PHASE_STRIP = NO;
				DEBUG_INFORMATION_FORMAT = "dwarf-with-dsym";
				DEVELOPMENT_TEAM = 3679CBRK7S;
				ENABLE_NS_ASSERTIONS = NO;
				ENABLE_STRICT_OBJC_MSGSEND = YES;
				ENABLE_USER_SCRIPT_SANDBOXING = YES;
				GCC_C_LANGUAGE_STANDARD = gnu17;
				GCC_NO_COMMON_BLOCKS = YES;
				GCC_WARN_64_TO_32_BIT_CONVERSION = YES;
				GCC_WARN_ABOUT_RETURN_TYPE = YES_ERROR;
				GCC_WARN_UNDECLARED_SELECTOR = YES;
				GCC_WARN_UNINITIALIZED_AUTOS = YES_AGGRESSIVE;
				GCC_WARN_UNUSED_FUNCTION = YES;
				GCC_WARN_UNUSED_VARIABLE = YES;
				IPHONEOS_DEPLOYMENT_TARGET = 18.5;
				LOCALIZATION_PREFERS_STRING_CATALOGS = YES;
				MTL_ENABLE_DEBUG_INFO = NO;
				MTL_FAST_MATH = YES;
				SDKROOT = iphoneos;
				SWIFT_COMPILATION_MODE = wholemodule;
				VALIDATE_PRODUCT = YES;
			};
			name = Release;
		};
		919CED2F2DF7564300DE858A /* Debug */ = {
			isa = XCBuildConfiguration;
			buildSettings = {
				BUNDLE_LOADER = "$(TEST_HOST)";
				CODE_SIGN_STYLE = Automatic;
				CURRENT_PROJECT_VERSION = 1;
				DEVELOPMENT_TEAM = 3679CBRK7S;
				GENERATE_INFOPLIST_FILE = YES;
				IPHONEOS_DEPLOYMENT_TARGET = 18.5;
				MARKETING_VERSION = 1.0;
				PRODUCT_BUNDLE_IDENTIFIER = com.adpushup.SwiftImplementationTests;
				PRODUCT_NAME = "$(TARGET_NAME)";
				SWIFT_EMIT_LOC_STRINGS = NO;
				SWIFT_VERSION = 5.0;
				TARGETED_DEVICE_FAMILY = "1,2";
				TEST_HOST = "$(BUILT_PRODUCTS_DIR)/SwiftImplementation.app/$(BUNDLE_EXECUTABLE_FOLDER_PATH)/SwiftImplementation";
			};
			name = Debug;
		};
		919CED302DF7564300DE858A /* Release */ = {
			isa = XCBuildConfiguration;
			buildSettings = {
				BUNDLE_LOADER = "$(TEST_HOST)";
				CODE_SIGN_STYLE = Automatic;
				CURRENT_PROJECT_VERSION = 1;
				DEVELOPMENT_TEAM = 3679CBRK7S;
				GENERATE_INFOPLIST_FILE = YES;
				IPHONEOS_DEPLOYMENT_TARGET = 18.5;
				MARKETING_VERSION = 1.0;
				PRODUCT_BUNDLE_IDENTIFIER = com.adpushup.SwiftImplementationTests;
				PRODUCT_NAME = "$(TARGET_NAME)";
				SWIFT_EMIT_LOC_STRINGS = NO;
				SWIFT_VERSION = 5.0;
				TARGETED_DEVICE_FAMILY = "1,2";
				TEST_HOST = "$(BUILT_PRODUCTS_DIR)/SwiftImplementation.app/$(BUNDLE_EXECUTABLE_FOLDER_PATH)/SwiftImplementation";
			};
			name = Release;
		};
		919CED322DF7564300DE858A /* Debug */ = {
			isa = XCBuildConfiguration;
			buildSettings = {
				CODE_SIGN_STYLE = Automatic;
				CURRENT_PROJECT_VERSION = 1;
				DEVELOPMENT_TEAM = 3679CBRK7S;
				GENERATE_INFOPLIST_FILE = YES;
				MARKETING_VERSION = 1.0;
				PRODUCT_BUNDLE_IDENTIFIER = com.adpushup.SwiftImplementationUITests;
				PRODUCT_NAME = "$(TARGET_NAME)";
				SWIFT_EMIT_LOC_STRINGS = NO;
				SWIFT_VERSION = 5.0;
				TARGETED_DEVICE_FAMILY = "1,2";
				TEST_TARGET_NAME = SwiftImplementation;
			};
			name = Debug;
		};
		919CED332DF7564300DE858A /* Release */ = {
			isa = XCBuildConfiguration;
			buildSettings = {
				CODE_SIGN_STYLE = Automatic;
				CURRENT_PROJECT_VERSION = 1;
				DEVELOPMENT_TEAM = 3679CBRK7S;
				GENERATE_INFOPLIST_FILE = YES;
				MARKETING_VERSION = 1.0;
				PRODUCT_BUNDLE_IDENTIFIER = com.adpushup.SwiftImplementationUITests;
				PRODUCT_NAME = "$(TARGET_NAME)";
				SWIFT_EMIT_LOC_STRINGS = NO;
				SWIFT_VERSION = 5.0;
				TARGETED_DEVICE_FAMILY = "1,2";
				TEST_TARGET_NAME = SwiftImplementation;
			};
			name = Release;
		};
/* End XCBuildConfiguration section */

/* Begin XCConfigurationList section */
		919CECFB2DF7564200DE858A /* Build configuration list for PBXProject "SwiftImplementation" */ = {
			isa = XCConfigurationList;
			buildConfigurations = (
				919CED2C2DF7564300DE858A /* Debug */,
				919CED2D2DF7564300DE858A /* Release */,
			);
			defaultConfigurationIsVisible = 0;
			defaultConfigurationName = Release;
		};
		919CED292DF7564300DE858A /* Build configuration list for PBXNativeTarget "SwiftImplementation" */ = {
			isa = XCConfigurationList;
			buildConfigurations = (
				919CED2A2DF7564300DE858A /* Debug */,
				919CED2B2DF7564300DE858A /* Release */,
			);
			defaultConfigurationIsVisible = 0;
			defaultConfigurationName = Release;
		};
		919CED2E2DF7564300DE858A /* Build configuration list for PBXNativeTarget "SwiftImplementationTests" */ = {
			isa = XCConfigurationList;
			buildConfigurations = (
				919CED2F2DF7564300DE858A /* Debug */,
				919CED302DF7564300DE858A /* Release */,
			);
			defaultConfigurationIsVisible = 0;
			defaultConfigurationName = Release;
		};
		919CED312DF7564300DE858A /* Build configuration list for PBXNativeTarget "SwiftImplementationUITests" */ = {
			isa = XCConfigurationList;
			buildConfigurations = (
				919CED322DF7564300DE858A /* Debug */,
				919CED332DF7564300DE858A /* Release */,
			);
			defaultConfigurationIsVisible = 0;
			defaultConfigurationName = Release;
		};
/* End XCConfigurationList section */

/* Begin XCRemoteSwiftPackageReference section */
		910EBBD52E04A9740023E595 /* XCRemoteSwiftPackageReference "ApiOSSDK" */ = {
			isa = XCRemoteSwiftPackageReference;
			repositoryURL = "https://github.com/adpushup/ApiOSSDK.git";
			requirement = {
				kind = upToNextMajorVersion;
				minimumVersion = 1.0.1;
			};
		};
		919CEE572DF8285D00DE858A /* XCRemoteSwiftPackageReference "swift-package-manager-google-mobile-ads" */ = {
			isa = XCRemoteSwiftPackageReference;
			repositoryURL = "https://github.com/googleads/swift-package-manager-google-mobile-ads.git";
			requirement = {
				kind = upToNextMajorVersion;
				minimumVersion = 11.13.0;
			};
		};
/* End XCRemoteSwiftPackageReference section */

/* Begin XCSwiftPackageProductDependency section */
		910EBBD62E04A9740023E595 /* ApiOSSDK */ = {
			isa = XCSwiftPackageProductDependency;
			package = 910EBBD52E04A9740023E595 /* XCRemoteSwiftPackageReference "ApiOSSDK" */;
			productName = ApiOSSDK;
		};
		919CEE582DF8285D00DE858A /* GoogleMobileAds */ = {
			isa = XCSwiftPackageProductDependency;
			package = 919CEE572DF8285D00DE858A /* XCRemoteSwiftPackageReference "swift-package-manager-google-mobile-ads" */;
			productName = GoogleMobileAds;
		};
/* End XCSwiftPackageProductDependency section */
	};
	rootObject = 919CECF82DF7564200DE858A /* Project object */;
}
