// !$*UTF8*$!
{
	archiveVersion = 1;
	classes = {
	};
	objectVersion = 77;
	objects = {

/* Begin PBXBuildFile section */
		910EBC082E04A9CE0023E595 /* ApiOSSDK in Frameworks */ = {isa = PBXBuildFile; productRef = 910EBC072E04A9CE0023E595 /* ApiOSSDK */; };
		910EBC0B2E04A9DC0023E595 /* GoogleMobileAds in Frameworks */ = {isa = PBXBuildFile; productRef = 910EBC0A2E04A9DC0023E595 /* GoogleMobileAds */; };
/* End PBXBuildFile section */

/* Begin PBXContainerItemProxy section */
		919CF1922DF9F83900DE858A /* PBXContainerItemProxy */ = {
			isa = PBXContainerItemProxy;
			containerPortal = 919CF16E2DF9F83700DE858A /* Project object */;
			proxyType = 1;
			remoteGlobalIDString = 919CF1752DF9F83700DE858A;
			remoteInfo = ObjcImplementation;
		};
		919CF19C2DF9F83900DE858A /* PBXContainerItemProxy */ = {
			isa = PBXContainerItemProxy;
			containerPortal = 919CF16E2DF9F83700DE858A /* Project object */;
			proxyType = 1;
			remoteGlobalIDString = 919CF1752DF9F83700DE858A;
			remoteInfo = ObjcImplementation;
		};
/* End PBXContainerItemProxy section */

/* Begin PBXFileReference section */
		919CF1762DF9F83700DE858A /* ObjcImplementation.app */ = {isa = PBXFileReference; explicitFileType = wrapper.application; includeInIndex = 0; path = ObjcImplementation.app; sourceTree = BUILT_PRODUCTS_DIR; };
		919CF1912DF9F83900DE858A /* ObjcImplementationTests.xctest */ = {isa = PBXFileReference; explicitFileType = wrapper.cfbundle; includeInIndex = 0; path = ObjcImplementationTests.xctest; sourceTree = BUILT_PRODUCTS_DIR; };
		919CF19B2DF9F83900DE858A /* ObjcImplementationUITests.xctest */ = {isa = PBXFileReference; explicitFileType = wrapper.cfbundle; includeInIndex = 0; path = ObjcImplementationUITests.xctest; sourceTree = BUILT_PRODUCTS_DIR; };
/* End PBXFileReference section */

/* Begin PBXFileSystemSynchronizedBuildFileExceptionSet section */
		919CF1A32DF9F83900DE858A /* Exceptions for "ObjcImplementation" folder in "ObjcImplementation" target */ = {
			isa = PBXFileSystemSynchronizedBuildFileExceptionSet;
			membershipExceptions = (
				Info.plist,
			);
			target = 919CF1752DF9F83700DE858A /* ObjcImplementation */;
		};
/* End PBXFileSystemSynchronizedBuildFileExceptionSet section */

/* Begin PBXFileSystemSynchronizedRootGroup section */
		919CF1782DF9F83700DE858A /* ObjcImplementation */ = {
			isa = PBXFileSystemSynchronizedRootGroup;
			exceptions = (
				919CF1A32DF9F83900DE858A /* Exceptions for "ObjcImplementation" folder in "ObjcImplementation" target */,
			);
			path = ObjcImplementation;
			sourceTree = "<group>";
		};
		919CF1942DF9F83900DE858A /* ObjcImplementationTests */ = {
			isa = PBXFileSystemSynchronizedRootGroup;
			path = ObjcImplementationTests;
			sourceTree = "<group>";
		};
		919CF19E2DF9F83900DE858A /* ObjcImplementationUITests */ = {
			isa = PBXFileSystemSynchronizedRootGroup;
			path = ObjcImplementationUITests;
			sourceTree = "<group>";
		};
/* End PBXFileSystemSynchronizedRootGroup section */

/* Begin PBXFrameworksBuildPhase section */
		919CF1732DF9F83700DE858A /* Frameworks */ = {
			isa = PBXFrameworksBuildPhase;
			buildActionMask = 2147483647;
			files = (
				910EBC0B2E04A9DC0023E595 /* GoogleMobileAds in Frameworks */,
				910EBC082E04A9CE0023E595 /* ApiOSSDK in Frameworks */,
			);
			runOnlyForDeploymentPostprocessing = 0;
		};
		919CF18E2DF9F83900DE858A /* Frameworks */ = {
			isa = PBXFrameworksBuildPhase;
			buildActionMask = 2147483647;
			files = (
			);
			runOnlyForDeploymentPostprocessing = 0;
		};
		919CF1982DF9F83900DE858A /* Frameworks */ = {
			isa = PBXFrameworksBuildPhase;
			buildActionMask = 2147483647;
			files = (
			);
			runOnlyForDeploymentPostprocessing = 0;
		};
/* End PBXFrameworksBuildPhase section */

/* Begin PBXGroup section */
		919CF16D2DF9F83700DE858A = {
			isa = PBXGroup;
			children = (
				919CF1782DF9F83700DE858A /* ObjcImplementation */,
				919CF1942DF9F83900DE858A /* ObjcImplementationTests */,
				919CF19E2DF9F83900DE858A /* ObjcImplementationUITests */,
				919CF1772DF9F83700DE858A /* Products */,
			);
			sourceTree = "<group>";
		};
		919CF1772DF9F83700DE858A /* Products */ = {
			isa = PBXGroup;
			children = (
				919CF1762DF9F83700DE858A /* ObjcImplementation.app */,
				919CF1912DF9F83900DE858A /* ObjcImplementationTests.xctest */,
				919CF19B2DF9F83900DE858A /* ObjcImplementationUITests.xctest */,
			);
			name = Products;
			sourceTree = "<group>";
		};
/* End PBXGroup section */

/* Begin PBXNativeTarget section */
		919CF1752DF9F83700DE858A /* ObjcImplementation */ = {
			isa = PBXNativeTarget;
			buildConfigurationList = 919CF1A42DF9F83900DE858A /* Build configuration list for PBXNativeTarget "ObjcImplementation" */;
			buildPhases = (
				919CF1722DF9F83700DE858A /* Sources */,
				919CF1732DF9F83700DE858A /* Frameworks */,
				919CF1742DF9F83700DE858A /* Resources */,
			);
			buildRules = (
			);
			dependencies = (
			);
			fileSystemSynchronizedGroups = (
				919CF1782DF9F83700DE858A /* ObjcImplementation */,
			);
			name = ObjcImplementation;
			packageProductDependencies = (
				910EBC072E04A9CE0023E595 /* ApiOSSDK */,
				910EBC0A2E04A9DC0023E595 /* GoogleMobileAds */,
			);
			productName = ObjcImplementation;
			productReference = 919CF1762DF9F83700DE858A /* ObjcImplementation.app */;
			productType = "com.apple.product-type.application";
		};
		919CF1902DF9F83900DE858A /* ObjcImplementationTests */ = {
			isa = PBXNativeTarget;
			buildConfigurationList = 919CF1A92DF9F83900DE858A /* Build configuration list for PBXNativeTarget "ObjcImplementationTests" */;
			buildPhases = (
				919CF18D2DF9F83900DE858A /* Sources */,
				919CF18E2DF9F83900DE858A /* Frameworks */,
				919CF18F2DF9F83900DE858A /* Resources */,
			);
			buildRules = (
			);
			dependencies = (
				919CF1932DF9F83900DE858A /* PBXTargetDependency */,
			);
			fileSystemSynchronizedGroups = (
				919CF1942DF9F83900DE858A /* ObjcImplementationTests */,
			);
			name = ObjcImplementationTests;
			packageProductDependencies = (
			);
			productName = ObjcImplementationTests;
			productReference = 919CF1912DF9F83900DE858A /* ObjcImplementationTests.xctest */;
			productType = "com.apple.product-type.bundle.unit-test";
		};
		919CF19A2DF9F83900DE858A /* ObjcImplementationUITests */ = {
			isa = PBXNativeTarget;
			buildConfigurationList = 919CF1AC2DF9F83900DE858A /* Build configuration list for PBXNativeTarget "ObjcImplementationUITests" */;
			buildPhases = (
				919CF1972DF9F83900DE858A /* Sources */,
				919CF1982DF9F83900DE858A /* Frameworks */,
				919CF1992DF9F83900DE858A /* Resources */,
			);
			buildRules = (
			);
			dependencies = (
				919CF19D2DF9F83900DE858A /* PBXTargetDependency */,
			);
			fileSystemSynchronizedGroups = (
				919CF19E2DF9F83900DE858A /* ObjcImplementationUITests */,
			);
			name = ObjcImplementationUITests;
			packageProductDependencies = (
			);
			productName = ObjcImplementationUITests;
			productReference = 919CF19B2DF9F83900DE858A /* ObjcImplementationUITests.xctest */;
			productType = "com.apple.product-type.bundle.ui-testing";
		};
/* End PBXNativeTarget section */

/* Begin PBXProject section */
		919CF16E2DF9F83700DE858A /* Project object */ = {
			isa = PBXProject;
			attributes = {
				BuildIndependentTargetsInParallel = 1;
				LastUpgradeCheck = 1640;
				TargetAttributes = {
					919CF1752DF9F83700DE858A = {
						CreatedOnToolsVersion = 16.4;
					};
					919CF1902DF9F83900DE858A = {
						CreatedOnToolsVersion = 16.4;
						TestTargetID = 919CF1752DF9F83700DE858A;
					};
					919CF19A2DF9F83900DE858A = {
						CreatedOnToolsVersion = 16.4;
						TestTargetID = 919CF1752DF9F83700DE858A;
					};
				};
			};
			buildConfigurationList = 919CF1712DF9F83700DE858A /* Build configuration list for PBXProject "ObjcImplementation" */;
			developmentRegion = en;
			hasScannedForEncodings = 0;
			knownRegions = (
				en,
				Base,
			);
			mainGroup = 919CF16D2DF9F83700DE858A;
			minimizedProjectReferenceProxies = 1;
			packageReferences = (
				910EBC062E04A9CE0023E595 /* XCRemoteSwiftPackageReference "ApiOSSDK" */,
				910EBC092E04A9DC0023E595 /* XCRemoteSwiftPackageReference "swift-package-manager-google-mobile-ads" */,
			);
			preferredProjectObjectVersion = 77;
			productRefGroup = 919CF1772DF9F83700DE858A /* Products */;
			projectDirPath = "";
			projectRoot = "";
			targets = (
				919CF1752DF9F83700DE858A /* ObjcImplementation */,
				919CF1902DF9F83900DE858A /* ObjcImplementationTests */,
				919CF19A2DF9F83900DE858A /* ObjcImplementationUITests */,
			);
		};
/* End PBXProject section */

/* Begin PBXResourcesBuildPhase section */
		919CF1742DF9F83700DE858A /* Resources */ = {
			isa = PBXResourcesBuildPhase;
			buildActionMask = 2147483647;
			files = (
			);
			runOnlyForDeploymentPostprocessing = 0;
		};
		919CF18F2DF9F83900DE858A /* Resources */ = {
			isa = PBXResourcesBuildPhase;
			buildActionMask = 2147483647;
			files = (
			);
			runOnlyForDeploymentPostprocessing = 0;
		};
		919CF1992DF9F83900DE858A /* Resources */ = {
			isa = PBXResourcesBuildPhase;
			buildActionMask = 2147483647;
			files = (
			);
			runOnlyForDeploymentPostprocessing = 0;
		};
/* End PBXResourcesBuildPhase section */

/* Begin PBXSourcesBuildPhase section */
		919CF1722DF9F83700DE858A /* Sources */ = {
			isa = PBXSourcesBuildPhase;
			buildActionMask = 2147483647;
			files = (
			);
			runOnlyForDeploymentPostprocessing = 0;
		};
		919CF18D2DF9F83900DE858A /* Sources */ = {
			isa = PBXSourcesBuildPhase;
			buildActionMask = 2147483647;
			files = (
			);
			runOnlyForDeploymentPostprocessing = 0;
		};
		919CF1972DF9F83900DE858A /* Sources */ = {
			isa = PBXSourcesBuildPhase;
			buildActionMask = 2147483647;
			files = (
			);
			runOnlyForDeploymentPostprocessing = 0;
		};
/* End PBXSourcesBuildPhase section */

/* Begin PBXTargetDependency section */
		919CF1932DF9F83900DE858A /* PBXTargetDependency */ = {
			isa = PBXTargetDependency;
			target = 919CF1752DF9F83700DE858A /* ObjcImplementation */;
			targetProxy = 919CF1922DF9F83900DE858A /* PBXContainerItemProxy */;
		};
		919CF19D2DF9F83900DE858A /* PBXTargetDependency */ = {
			isa = PBXTargetDependency;
			target = 919CF1752DF9F83700DE858A /* ObjcImplementation */;
			targetProxy = 919CF19C2DF9F83900DE858A /* PBXContainerItemProxy */;
		};
/* End PBXTargetDependency section */

/* Begin XCBuildConfiguration section */
		919CF1A52DF9F83900DE858A /* Debug */ = {
			isa = XCBuildConfiguration;
			buildSettings = {
				ASSETCATALOG_COMPILER_APPICON_NAME = AppIcon;
				ASSETCATALOG_COMPILER_GLOBAL_ACCENT_COLOR_NAME = AccentColor;
				CODE_SIGN_STYLE = Automatic;
				CURRENT_PROJECT_VERSION = 1;
				DEVELOPMENT_TEAM = 3679CBRK7S;
				GENERATE_INFOPLIST_FILE = YES;
				INFOPLIST_FILE = ObjcImplementation/Info.plist;
				INFOPLIST_KEY_UIApplicationSupportsIndirectInputEvents = YES;
				INFOPLIST_KEY_UILaunchStoryboardName = LaunchScreen;
				INFOPLIST_KEY_UIMainStoryboardFile = Main;
				INFOPLIST_KEY_UISupportedInterfaceOrientations_iPad = "UIInterfaceOrientationPortrait UIInterfaceOrientationPortraitUpsideDown UIInterfaceOrientationLandscapeLeft UIInterfaceOrientationLandscapeRight";
				INFOPLIST_KEY_UISupportedInterfaceOrientations_iPhone = "UIInterfaceOrientationPortrait UIInterfaceOrientationLandscapeLeft UIInterfaceOrientationLandscapeRight";
				IPHONEOS_DEPLOYMENT_TARGET = 14.0;
				LD_RUNPATH_SEARCH_PATHS = (
					"$(inherited)",
					"@executable_path/Frameworks",
				);
				MARKETING_VERSION = 1.0;
				PRODUCT_BUNDLE_IDENTIFIER = com.adpushup.ObjcImplementation;
				PRODUCT_NAME = "$(TARGET_NAME)";
				SWIFT_EMIT_LOC_STRINGS = YES;
				TARGETED_DEVICE_FAMILY = "1,2";
			};
			name = Debug;
		};
		919CF1A62DF9F83900DE858A /* Release */ = {
			isa = XCBuildConfiguration;
			buildSettings = {
				ASSETCATALOG_COMPILER_APPICON_NAME = AppIcon;
				ASSETCATALOG_COMPILER_GLOBAL_ACCENT_COLOR_NAME = AccentColor;
				CODE_SIGN_STYLE = Automatic;
				CURRENT_PROJECT_VERSION = 1;
				DEVELOPMENT_TEAM = 3679CBRK7S;
				GENERATE_INFOPLIST_FILE = YES;
				INFOPLIST_FILE = ObjcImplementation/Info.plist;
				INFOPLIST_KEY_UIApplicationSupportsIndirectInputEvents = YES;
				INFOPLIST_KEY_UILaunchStoryboardName = LaunchScreen;
				INFOPLIST_KEY_UIMainStoryboardFile = Main;
				INFOPLIST_KEY_UISupportedInterfaceOrientations_iPad = "UIInterfaceOrientationPortrait UIInterfaceOrientationPortraitUpsideDown UIInterfaceOrientationLandscapeLeft UIInterfaceOrientationLandscapeRight";
				INFOPLIST_KEY_UISupportedInterfaceOrientations_iPhone = "UIInterfaceOrientationPortrait UIInterfaceOrientationLandscapeLeft UIInterfaceOrientationLandscapeRight";
				IPHONEOS_DEPLOYMENT_TARGET = 14.0;
				LD_RUNPATH_SEARCH_PATHS = (
					"$(inherited)",
					"@executable_path/Frameworks",
				);
				MARKETING_VERSION = 1.0;
				PRODUCT_BUNDLE_IDENTIFIER = com.adpushup.ObjcImplementation;
				PRODUCT_NAME = "$(TARGET_NAME)";
				SWIFT_EMIT_LOC_STRINGS = YES;
				TARGETED_DEVICE_FAMILY = "1,2";
			};
			name = Release;
		};
		919CF1A72DF9F83900DE858A /* Debug */ = {
			isa = XCBuildConfiguration;
			buildSettings = {
				ALWAYS_SEARCH_USER_PATHS = NO;
				ASSETCATALOG_COMPILER_GENERATE_SWIFT_ASSET_SYMBOL_EXTENSIONS = YES;
				CLANG_ANALYZER_NONNULL = YES;
				CLANG_ANALYZER_NUMBER_OBJECT_CONVERSION = YES_AGGRESSIVE;
				CLANG_CXX_LANGUAGE_STANDARD = "gnu++20";
				CLANG_ENABLE_MODULES = YES;
				CLANG_ENABLE_OBJC_ARC = YES;
				CLANG_ENABLE_OBJC_WEAK = YES;
				CLANG_WARN_BLOCK_CAPTURE_AUTORELEASING = YES;
				CLANG_WARN_BOOL_CONVERSION = YES;
				CLANG_WARN_COMMA = YES;
				CLANG_WARN_CONSTANT_CONVERSION = YES;
				CLANG_WARN_DEPRECATED_OBJC_IMPLEMENTATIONS = YES;
				CLANG_WARN_DIRECT_OBJC_ISA_USAGE = YES_ERROR;
				CLANG_WARN_DOCUMENTATION_COMMENTS = YES;
				CLANG_WARN_EMPTY_BODY = YES;
				CLANG_WARN_ENUM_CONVERSION = YES;
				CLANG_WARN_INFINITE_RECURSION = YES;
				CLANG_WARN_INT_CONVERSION = YES;
				CLANG_WARN_NON_LITERAL_NULL_CONVERSION = YES;
				CLANG_WARN_OBJC_IMPLICIT_RETAIN_SELF = YES;
				CLANG_WARN_OBJC_LITERAL_CONVERSION = YES;
				CLANG_WARN_OBJC_ROOT_CLASS = YES_ERROR;
				CLANG_WARN_QUOTED_INCLUDE_IN_FRAMEWORK_HEADER = YES;
				CLANG_WARN_RANGE_LOOP_ANALYSIS = YES;
				CLANG_WARN_STRICT_PROTOTYPES = YES;
				CLANG_WARN_SUSPICIOUS_MOVE = YES;
				CLANG_WARN_UNGUARDED_AVAILABILITY = YES_AGGRESSIVE;
				CLANG_WARN_UNREACHABLE_CODE = YES;
				CLANG_WARN__DUPLICATE_METHOD_MATCH = YES;
				COPY_PHASE_STRIP = NO;
				DEBUG_INFORMATION_FORMAT = dwarf;
				DEVELOPMENT_TEAM = 3679CBRK7S;
				ENABLE_STRICT_OBJC_MSGSEND = YES;
				ENABLE_TESTABILITY = YES;
				ENABLE_USER_SCRIPT_SANDBOXING = YES;
				GCC_C_LANGUAGE_STANDARD = gnu17;
				GCC_DYNAMIC_NO_PIC = NO;
				GCC_NO_COMMON_BLOCKS = YES;
				GCC_OPTIMIZATION_LEVEL = 0;
				GCC_PREPROCESSOR_DEFINITIONS = (
					"DEBUG=1",
					"$(inherited)",
				);
				GCC_WARN_64_TO_32_BIT_CONVERSION = YES;
				GCC_WARN_ABOUT_RETURN_TYPE = YES_ERROR;
				GCC_WARN_UNDECLARED_SELECTOR = YES;
				GCC_WARN_UNINITIALIZED_AUTOS = YES_AGGRESSIVE;
				GCC_WARN_UNUSED_FUNCTION = YES;
				GCC_WARN_UNUSED_VARIABLE = YES;
				IPHONEOS_DEPLOYMENT_TARGET = 18.5;
				LOCALIZATION_PREFERS_STRING_CATALOGS = YES;
				MTL_ENABLE_DEBUG_INFO = INCLUDE_SOURCE;
				MTL_FAST_MATH = YES;
				ONLY_ACTIVE_ARCH = YES;
				SDKROOT = iphoneos;
			};
			name = Debug;
		};
		919CF1A82DF9F83900DE858A /* Release */ = {
			isa = XCBuildConfiguration;
			buildSettings = {
				ALWAYS_SEARCH_USER_PATHS = NO;
				ASSETCATALOG_COMPILER_GENERATE_SWIFT_ASSET_SYMBOL_EXTENSIONS = YES;
				CLANG_ANALYZER_NONNULL = YES;
				CLANG_ANALYZER_NUMBER_OBJECT_CONVERSION = YES_AGGRESSIVE;
				CLANG_CXX_LANGUAGE_STANDARD = "gnu++20";
				CLANG_ENABLE_MODULES = YES;
				CLANG_ENABLE_OBJC_ARC = YES;
				CLANG_ENABLE_OBJC_WEAK = YES;
				CLANG_WARN_BLOCK_CAPTURE_AUTORELEASING = YES;
				CLANG_WARN_BOOL_CONVERSION = YES;
				CLANG_WARN_COMMA = YES;
				CLANG_WARN_CONSTANT_CONVERSION = YES;
				CLANG_WARN_DEPRECATED_OBJC_IMPLEMENTATIONS = YES;
				CLANG_WARN_DIRECT_OBJC_ISA_USAGE = YES_ERROR;
				CLANG_WARN_DOCUMENTATION_COMMENTS = YES;
				CLANG_WARN_EMPTY_BODY = YES;
				CLANG_WARN_ENUM_CONVERSION = YES;
				CLANG_WARN_INFINITE_RECURSION = YES;
				CLANG_WARN_INT_CONVERSION = YES;
				CLANG_WARN_NON_LITERAL_NULL_CONVERSION = YES;
				CLANG_WARN_OBJC_IMPLICIT_RETAIN_SELF = YES;
				CLANG_WARN_OBJC_LITERAL_CONVERSION = YES;
				CLANG_WARN_OBJC_ROOT_CLASS = YES_ERROR;
				CLANG_WARN_QUOTED_INCLUDE_IN_FRAMEWORK_HEADER = YES;
				CLANG_WARN_RANGE_LOOP_ANALYSIS = YES;
				CLANG_WARN_STRICT_PROTOTYPES = YES;
				CLANG_WARN_SUSPICIOUS_MOVE = YES;
				CLANG_WARN_UNGUARDED_AVAILABILITY = YES_AGGRESSIVE;
				CLANG_WARN_UNREACHABLE_CODE = YES;
				CLANG_WARN__DUPLICATE_METHOD_MATCH = YES;
				COPY_PHASE_STRIP = NO;
				DEBUG_INFORMATION_FORMAT = "dwarf-with-dsym";
				DEVELOPMENT_TEAM = 3679CBRK7S;
				ENABLE_NS_ASSERTIONS = NO;
				ENABLE_STRICT_OBJC_MSGSEND = YES;
				ENABLE_USER_SCRIPT_SANDBOXING = YES;
				GCC_C_LANGUAGE_STANDARD = gnu17;
				GCC_NO_COMMON_BLOCKS = YES;
				GCC_WARN_64_TO_32_BIT_CONVERSION = YES;
				GCC_WARN_ABOUT_RETURN_TYPE = YES_ERROR;
				GCC_WARN_UNDECLARED_SELECTOR = YES;
				GCC_WARN_UNINITIALIZED_AUTOS = YES_AGGRESSIVE;
				GCC_WARN_UNUSED_FUNCTION = YES;
				GCC_WARN_UNUSED_VARIABLE = YES;
				IPHONEOS_DEPLOYMENT_TARGET = 18.5;
				LOCALIZATION_PREFERS_STRING_CATALOGS = YES;
				MTL_ENABLE_DEBUG_INFO = NO;
				MTL_FAST_MATH = YES;
				SDKROOT = iphoneos;
				VALIDATE_PRODUCT = YES;
			};
			name = Release;
		};
		919CF1AA2DF9F83900DE858A /* Debug */ = {
			isa = XCBuildConfiguration;
			buildSettings = {
				BUNDLE_LOADER = "$(TEST_HOST)";
				CODE_SIGN_STYLE = Automatic;
				CURRENT_PROJECT_VERSION = 1;
				DEVELOPMENT_TEAM = 3679CBRK7S;
				GENERATE_INFOPLIST_FILE = YES;
				IPHONEOS_DEPLOYMENT_TARGET = 18.5;
				MARKETING_VERSION = 1.0;
				PRODUCT_BUNDLE_IDENTIFIER = com.adpushup.ObjcImplementationTests;
				PRODUCT_NAME = "$(TARGET_NAME)";
				SWIFT_EMIT_LOC_STRINGS = NO;
				TARGETED_DEVICE_FAMILY = "1,2";
				TEST_HOST = "$(BUILT_PRODUCTS_DIR)/ObjcImplementation.app/$(BUNDLE_EXECUTABLE_FOLDER_PATH)/ObjcImplementation";
			};
			name = Debug;
		};
		919CF1AB2DF9F83900DE858A /* Release */ = {
			isa = XCBuildConfiguration;
			buildSettings = {
				BUNDLE_LOADER = "$(TEST_HOST)";
				CODE_SIGN_STYLE = Automatic;
				CURRENT_PROJECT_VERSION = 1;
				DEVELOPMENT_TEAM = 3679CBRK7S;
				GENERATE_INFOPLIST_FILE = YES;
				IPHONEOS_DEPLOYMENT_TARGET = 18.5;
				MARKETING_VERSION = 1.0;
				PRODUCT_BUNDLE_IDENTIFIER = com.adpushup.ObjcImplementationTests;
				PRODUCT_NAME = "$(TARGET_NAME)";
				SWIFT_EMIT_LOC_STRINGS = NO;
				TARGETED_DEVICE_FAMILY = "1,2";
				TEST_HOST = "$(BUILT_PRODUCTS_DIR)/ObjcImplementation.app/$(BUNDLE_EXECUTABLE_FOLDER_PATH)/ObjcImplementation";
			};
			name = Release;
		};
		919CF1AD2DF9F83900DE858A /* Debug */ = {
			isa = XCBuildConfiguration;
			buildSettings = {
				CODE_SIGN_STYLE = Automatic;
				CURRENT_PROJECT_VERSION = 1;
				DEVELOPMENT_TEAM = 3679CBRK7S;
				GENERATE_INFOPLIST_FILE = YES;
				MARKETING_VERSION = 1.0;
				PRODUCT_BUNDLE_IDENTIFIER = com.adpushup.ObjcImplementationUITests;
				PRODUCT_NAME = "$(TARGET_NAME)";
				SWIFT_EMIT_LOC_STRINGS = NO;
				TARGETED_DEVICE_FAMILY = "1,2";
				TEST_TARGET_NAME = ObjcImplementation;
			};
			name = Debug;
		};
		919CF1AE2DF9F83900DE858A /* Release */ = {
			isa = XCBuildConfiguration;
			buildSettings = {
				CODE_SIGN_STYLE = Automatic;
				CURRENT_PROJECT_VERSION = 1;
				DEVELOPMENT_TEAM = 3679CBRK7S;
				GENERATE_INFOPLIST_FILE = YES;
				MARKETING_VERSION = 1.0;
				PRODUCT_BUNDLE_IDENTIFIER = com.adpushup.ObjcImplementationUITests;
				PRODUCT_NAME = "$(TARGET_NAME)";
				SWIFT_EMIT_LOC_STRINGS = NO;
				TARGETED_DEVICE_FAMILY = "1,2";
				TEST_TARGET_NAME = ObjcImplementation;
			};
			name = Release;
		};
/* End XCBuildConfiguration section */

/* Begin XCConfigurationList section */
		919CF1712DF9F83700DE858A /* Build configuration list for PBXProject "ObjcImplementation" */ = {
			isa = XCConfigurationList;
			buildConfigurations = (
				919CF1A72DF9F83900DE858A /* Debug */,
				919CF1A82DF9F83900DE858A /* Release */,
			);
			defaultConfigurationIsVisible = 0;
			defaultConfigurationName = Release;
		};
		919CF1A42DF9F83900DE858A /* Build configuration list for PBXNativeTarget "ObjcImplementation" */ = {
			isa = XCConfigurationList;
			buildConfigurations = (
				919CF1A52DF9F83900DE858A /* Debug */,
				919CF1A62DF9F83900DE858A /* Release */,
			);
			defaultConfigurationIsVisible = 0;
			defaultConfigurationName = Release;
		};
		919CF1A92DF9F83900DE858A /* Build configuration list for PBXNativeTarget "ObjcImplementationTests" */ = {
			isa = XCConfigurationList;
			buildConfigurations = (
				919CF1AA2DF9F83900DE858A /* Debug */,
				919CF1AB2DF9F83900DE858A /* Release */,
			);
			defaultConfigurationIsVisible = 0;
			defaultConfigurationName = Release;
		};
		919CF1AC2DF9F83900DE858A /* Build configuration list for PBXNativeTarget "ObjcImplementationUITests" */ = {
			isa = XCConfigurationList;
			buildConfigurations = (
				919CF1AD2DF9F83900DE858A /* Debug */,
				919CF1AE2DF9F83900DE858A /* Release */,
			);
			defaultConfigurationIsVisible = 0;
			defaultConfigurationName = Release;
		};
/* End XCConfigurationList section */

/* Begin XCRemoteSwiftPackageReference section */
		910EBC062E04A9CE0023E595 /* XCRemoteSwiftPackageReference "ApiOSSDK" */ = {
			isa = XCRemoteSwiftPackageReference;
			repositoryURL = "https://github.com/adpushup/ApiOSSDK.git";
			requirement = {
				kind = upToNextMajorVersion;
				minimumVersion = 1.0.1;
			};
		};
		910EBC092E04A9DC0023E595 /* XCRemoteSwiftPackageReference "swift-package-manager-google-mobile-ads" */ = {
			isa = XCRemoteSwiftPackageReference;
			repositoryURL = "https://github.com/googleads/swift-package-manager-google-mobile-ads.git";
			requirement = {
				kind = upToNextMajorVersion;
				minimumVersion = 11.13.0;
			};
		};
/* End XCRemoteSwiftPackageReference section */

/* Begin XCSwiftPackageProductDependency section */
		910EBC072E04A9CE0023E595 /* ApiOSSDK */ = {
			isa = XCSwiftPackageProductDependency;
			package = 910EBC062E04A9CE0023E595 /* XCRemoteSwiftPackageReference "ApiOSSDK" */;
			productName = ApiOSSDK;
		};
		910EBC0A2E04A9DC0023E595 /* GoogleMobileAds */ = {
			isa = XCSwiftPackageProductDependency;
			package = 910EBC092E04A9DC0023E595 /* XCRemoteSwiftPackageReference "swift-package-manager-google-mobile-ads" */;
			productName = GoogleMobileAds;
		};
/* End XCSwiftPackageProductDependency section */
	};
	rootObject = 919CF16E2DF9F83700DE858A /* Project object */;
}
