// !$*UTF8*$!
{
	archiveVersion = 1;
	classes = {
	};
	objectVersion = 77;
	objects = {

/* Begin PBXBuildFile section */
		9195D87E2D40342F0037F43A /* Pods_RewardedAdExample.framework in Frameworks */ = {isa = PBXBuildFile; fileRef = 5F7A247755BABC1C970FE7C3 /* Pods_RewardedAdExample.framework */; };
		9195D87F2D40342F0037F43A /* Pods_RewardedAdExample.framework in Embed Frameworks */ = {isa = PBXBuildFile; fileRef = 5F7A247755BABC1C970FE7C3 /* Pods_RewardedAdExample.framework */; settings = {ATTRIBUTES = (CodeSignOnCopy, RemoveHeadersOnCopy, ); }; };
/* End PBXBuildFile section */

/* Begin PBXContainerItemProxy section */
		91E71D0B2CEBE0E70069729D /* PBXContainerItemProxy */ = {
			isa = PBXContainerItemProxy;
			containerPortal = 91E71CF22CEBE0E50069729D /* Project object */;
			proxyType = 1;
			remoteGlobalIDString = 91E71CF92CEBE0E50069729D;
			remoteInfo = RewardedAdExample;
		};
		91E71D152CEBE0E70069729D /* PBXContainerItemProxy */ = {
			isa = PBXContainerItemProxy;
			containerPortal = 91E71CF22CEBE0E50069729D /* Project object */;
			proxyType = 1;
			remoteGlobalIDString = 91E71CF92CEBE0E50069729D;
			remoteInfo = RewardedAdExample;
		};
/* End PBXContainerItemProxy section */

/* Begin PBXCopyFilesBuildPhase section */
		9195D8802D40342F0037F43A /* Embed Frameworks */ = {
			isa = PBXCopyFilesBuildPhase;
			buildActionMask = 2147483647;
			dstPath = "";
			dstSubfolderSpec = 10;
			files = (
				9195D87F2D40342F0037F43A /* Pods_RewardedAdExample.framework in Embed Frameworks */,
			);
			name = "Embed Frameworks";
			runOnlyForDeploymentPostprocessing = 0;
		};
/* End PBXCopyFilesBuildPhase section */

/* Begin PBXFileReference section */
		19BAEFD1B9B5E99B37719B39 /* Pods-RewardedAdExample.release.xcconfig */ = {isa = PBXFileReference; includeInIndex = 1; lastKnownFileType = text.xcconfig; name = "Pods-RewardedAdExample.release.xcconfig"; path = "Target Support Files/Pods-RewardedAdExample/Pods-RewardedAdExample.release.xcconfig"; sourceTree = "<group>"; };
		3583EDC44CF38FC9245EFFD5 /* Pods-RewardedAdExample.debug.xcconfig */ = {isa = PBXFileReference; includeInIndex = 1; lastKnownFileType = text.xcconfig; name = "Pods-RewardedAdExample.debug.xcconfig"; path = "Target Support Files/Pods-RewardedAdExample/Pods-RewardedAdExample.debug.xcconfig"; sourceTree = "<group>"; };
		5F7A247755BABC1C970FE7C3 /* Pods_RewardedAdExample.framework */ = {isa = PBXFileReference; explicitFileType = wrapper.framework; includeInIndex = 0; path = Pods_RewardedAdExample.framework; sourceTree = BUILT_PRODUCTS_DIR; };
		91E71CFA2CEBE0E50069729D /* RewardedAdExample.app */ = {isa = PBXFileReference; explicitFileType = wrapper.application; includeInIndex = 0; path = RewardedAdExample.app; sourceTree = BUILT_PRODUCTS_DIR; };
		91E71D0A2CEBE0E70069729D /* RewardedAdExampleTests.xctest */ = {isa = PBXFileReference; explicitFileType = wrapper.cfbundle; includeInIndex = 0; path = RewardedAdExampleTests.xctest; sourceTree = BUILT_PRODUCTS_DIR; };
		91E71D142CEBE0E70069729D /* RewardedAdExampleUITests.xctest */ = {isa = PBXFileReference; explicitFileType = wrapper.cfbundle; includeInIndex = 0; path = RewardedAdExampleUITests.xctest; sourceTree = BUILT_PRODUCTS_DIR; };
/* End PBXFileReference section */

/* Begin PBXFileSystemSynchronizedBuildFileExceptionSet section */
		91E71D282CEBE1170069729D /* Exceptions for "RewardedAdExample" folder in "RewardedAdExample" target */ = {
			isa = PBXFileSystemSynchronizedBuildFileExceptionSet;
			membershipExceptions = (
				Info.plist,
			);
			target = 91E71CF92CEBE0E50069729D /* RewardedAdExample */;
		};
/* End PBXFileSystemSynchronizedBuildFileExceptionSet section */

/* Begin PBXFileSystemSynchronizedRootGroup section */
		91E71CFC2CEBE0E50069729D /* RewardedAdExample */ = {
			isa = PBXFileSystemSynchronizedRootGroup;
			exceptions = (
				91E71D282CEBE1170069729D /* Exceptions for "RewardedAdExample" folder in "RewardedAdExample" target */,
			);
			path = RewardedAdExample;
			sourceTree = "<group>";
		};
		91E71D0D2CEBE0E70069729D /* RewardedAdExampleTests */ = {
			isa = PBXFileSystemSynchronizedRootGroup;
			path = RewardedAdExampleTests;
			sourceTree = "<group>";
		};
		91E71D172CEBE0E70069729D /* RewardedAdExampleUITests */ = {
			isa = PBXFileSystemSynchronizedRootGroup;
			path = RewardedAdExampleUITests;
			sourceTree = "<group>";
		};
/* End PBXFileSystemSynchronizedRootGroup section */

/* Begin PBXFrameworksBuildPhase section */
		91E71CF72CEBE0E50069729D /* Frameworks */ = {
			isa = PBXFrameworksBuildPhase;
			buildActionMask = 2147483647;
			files = (
				9195D87E2D40342F0037F43A /* Pods_RewardedAdExample.framework in Frameworks */,
			);
			runOnlyForDeploymentPostprocessing = 0;
		};
		91E71D072CEBE0E70069729D /* Frameworks */ = {
			isa = PBXFrameworksBuildPhase;
			buildActionMask = 2147483647;
			files = (
			);
			runOnlyForDeploymentPostprocessing = 0;
		};
		91E71D112CEBE0E70069729D /* Frameworks */ = {
			isa = PBXFrameworksBuildPhase;
			buildActionMask = 2147483647;
			files = (
			);
			runOnlyForDeploymentPostprocessing = 0;
		};
/* End PBXFrameworksBuildPhase section */

/* Begin PBXGroup section */
		4D7875128B219941ACECC078 /* Frameworks */ = {
			isa = PBXGroup;
			children = (
				5F7A247755BABC1C970FE7C3 /* Pods_RewardedAdExample.framework */,
			);
			name = Frameworks;
			sourceTree = "<group>";
		};
		91E71CF12CEBE0E50069729D = {
			isa = PBXGroup;
			children = (
				91E71CFC2CEBE0E50069729D /* RewardedAdExample */,
				91E71D0D2CEBE0E70069729D /* RewardedAdExampleTests */,
				91E71D172CEBE0E70069729D /* RewardedAdExampleUITests */,
				91E71CFB2CEBE0E50069729D /* Products */,
				EE558059A7B40E0AA9A31277 /* Pods */,
				4D7875128B219941ACECC078 /* Frameworks */,
			);
			sourceTree = "<group>";
		};
		91E71CFB2CEBE0E50069729D /* Products */ = {
			isa = PBXGroup;
			children = (
				91E71CFA2CEBE0E50069729D /* RewardedAdExample.app */,
				91E71D0A2CEBE0E70069729D /* RewardedAdExampleTests.xctest */,
				91E71D142CEBE0E70069729D /* RewardedAdExampleUITests.xctest */,
			);
			name = Products;
			sourceTree = "<group>";
		};
		EE558059A7B40E0AA9A31277 /* Pods */ = {
			isa = PBXGroup;
			children = (
				3583EDC44CF38FC9245EFFD5 /* Pods-RewardedAdExample.debug.xcconfig */,
				19BAEFD1B9B5E99B37719B39 /* Pods-RewardedAdExample.release.xcconfig */,
			);
			path = Pods;
			sourceTree = "<group>";
		};
/* End PBXGroup section */

/* Begin PBXNativeTarget section */
		91E71CF92CEBE0E50069729D /* RewardedAdExample */ = {
			isa = PBXNativeTarget;
			buildConfigurationList = 91E71D1E2CEBE0E70069729D /* Build configuration list for PBXNativeTarget "RewardedAdExample" */;
			buildPhases = (
				099D6B195F63A89B734B518E /* [CP] Check Pods Manifest.lock */,
				91E71CF62CEBE0E50069729D /* Sources */,
				91E71CF72CEBE0E50069729D /* Frameworks */,
				91E71CF82CEBE0E50069729D /* Resources */,
				C567C5EC02D3855C9FE5E8FE /* [CP] Embed Pods Frameworks */,
				CCDF7000ED584B4BCAC930E5 /* [CP] Copy Pods Resources */,
				9195D8802D40342F0037F43A /* Embed Frameworks */,
			);
			buildRules = (
			);
			dependencies = (
			);
			fileSystemSynchronizedGroups = (
				91E71CFC2CEBE0E50069729D /* RewardedAdExample */,
			);
			name = RewardedAdExample;
			productName = RewardedAdExample;
			productReference = 91E71CFA2CEBE0E50069729D /* RewardedAdExample.app */;
			productType = "com.apple.product-type.application";
		};
		91E71D092CEBE0E70069729D /* RewardedAdExampleTests */ = {
			isa = PBXNativeTarget;
			buildConfigurationList = 91E71D212CEBE0E70069729D /* Build configuration list for PBXNativeTarget "RewardedAdExampleTests" */;
			buildPhases = (
				91E71D062CEBE0E70069729D /* Sources */,
				91E71D072CEBE0E70069729D /* Frameworks */,
				91E71D082CEBE0E70069729D /* Resources */,
			);
			buildRules = (
			);
			dependencies = (
				91E71D0C2CEBE0E70069729D /* PBXTargetDependency */,
			);
			fileSystemSynchronizedGroups = (
				91E71D0D2CEBE0E70069729D /* RewardedAdExampleTests */,
			);
			name = RewardedAdExampleTests;
			productName = RewardedAdExampleTests;
			productReference = 91E71D0A2CEBE0E70069729D /* RewardedAdExampleTests.xctest */;
			productType = "com.apple.product-type.bundle.unit-test";
		};
		91E71D132CEBE0E70069729D /* RewardedAdExampleUITests */ = {
			isa = PBXNativeTarget;
			buildConfigurationList = 91E71D242CEBE0E70069729D /* Build configuration list for PBXNativeTarget "RewardedAdExampleUITests" */;
			buildPhases = (
				91E71D102CEBE0E70069729D /* Sources */,
				91E71D112CEBE0E70069729D /* Frameworks */,
				91E71D122CEBE0E70069729D /* Resources */,
			);
			buildRules = (
			);
			dependencies = (
				91E71D162CEBE0E70069729D /* PBXTargetDependency */,
			);
			fileSystemSynchronizedGroups = (
				91E71D172CEBE0E70069729D /* RewardedAdExampleUITests */,
			);
			name = RewardedAdExampleUITests;
			productName = RewardedAdExampleUITests;
			productReference = 91E71D142CEBE0E70069729D /* RewardedAdExampleUITests.xctest */;
			productType = "com.apple.product-type.bundle.ui-testing";
		};
/* End PBXNativeTarget section */

/* Begin PBXProject section */
		91E71CF22CEBE0E50069729D /* Project object */ = {
			isa = PBXProject;
			attributes = {
				BuildIndependentTargetsInParallel = 1;
				LastSwiftUpdateCheck = 1600;
				LastUpgradeCheck = 1600;
				TargetAttributes = {
					91E71CF92CEBE0E50069729D = {
						CreatedOnToolsVersion = 16.0;
					};
					91E71D092CEBE0E70069729D = {
						CreatedOnToolsVersion = 16.0;
						TestTargetID = 91E71CF92CEBE0E50069729D;
					};
					91E71D132CEBE0E70069729D = {
						CreatedOnToolsVersion = 16.0;
						TestTargetID = 91E71CF92CEBE0E50069729D;
					};
				};
			};
			buildConfigurationList = 91E71CF52CEBE0E50069729D /* Build configuration list for PBXProject "RewardedAdExample" */;
			developmentRegion = en;
			hasScannedForEncodings = 0;
			knownRegions = (
				en,
				Base,
			);
			mainGroup = 91E71CF12CEBE0E50069729D;
			minimizedProjectReferenceProxies = 1;
			preferredProjectObjectVersion = 77;
			productRefGroup = 91E71CFB2CEBE0E50069729D /* Products */;
			projectDirPath = "";
			projectRoot = "";
			targets = (
				91E71CF92CEBE0E50069729D /* RewardedAdExample */,
				91E71D092CEBE0E70069729D /* RewardedAdExampleTests */,
				91E71D132CEBE0E70069729D /* RewardedAdExampleUITests */,
			);
		};
/* End PBXProject section */

/* Begin PBXResourcesBuildPhase section */
		91E71CF82CEBE0E50069729D /* Resources */ = {
			isa = PBXResourcesBuildPhase;
			buildActionMask = 2147483647;
			files = (
			);
			runOnlyForDeploymentPostprocessing = 0;
		};
		91E71D082CEBE0E70069729D /* Resources */ = {
			isa = PBXResourcesBuildPhase;
			buildActionMask = 2147483647;
			files = (
			);
			runOnlyForDeploymentPostprocessing = 0;
		};
		91E71D122CEBE0E70069729D /* Resources */ = {
			isa = PBXResourcesBuildPhase;
			buildActionMask = 2147483647;
			files = (
			);
			runOnlyForDeploymentPostprocessing = 0;
		};
/* End PBXResourcesBuildPhase section */

/* Begin PBXShellScriptBuildPhase section */
		099D6B195F63A89B734B518E /* [CP] Check Pods Manifest.lock */ = {
			isa = PBXShellScriptBuildPhase;
			buildActionMask = 2147483647;
			files = (
			);
			inputFileListPaths = (
			);
			inputPaths = (
				"${PODS_PODFILE_DIR_PATH}/Podfile.lock",
				"${PODS_ROOT}/Manifest.lock",
			);
			name = "[CP] Check Pods Manifest.lock";
			outputFileListPaths = (
			);
			outputPaths = (
				"$(DERIVED_FILE_DIR)/Pods-RewardedAdExample-checkManifestLockResult.txt",
			);
			runOnlyForDeploymentPostprocessing = 0;
			shellPath = /bin/sh;
			shellScript = "diff \"${PODS_PODFILE_DIR_PATH}/Podfile.lock\" \"${PODS_ROOT}/Manifest.lock\" > /dev/null\nif [ $? != 0 ] ; then\n    # print error to STDERR\n    echo \"error: The sandbox is not in sync with the Podfile.lock. Run 'pod install' or update your CocoaPods installation.\" >&2\n    exit 1\nfi\n# This output is used by Xcode 'outputs' to avoid re-running this script phase.\necho \"SUCCESS\" > \"${SCRIPT_OUTPUT_FILE_0}\"\n";
			showEnvVarsInLog = 0;
		};
		C567C5EC02D3855C9FE5E8FE /* [CP] Embed Pods Frameworks */ = {
			isa = PBXShellScriptBuildPhase;
			buildActionMask = 2147483647;
			files = (
			);
			inputFileListPaths = (
				"${PODS_ROOT}/Target Support Files/Pods-RewardedAdExample/Pods-RewardedAdExample-frameworks-${CONFIGURATION}-input-files.xcfilelist",
			);
			name = "[CP] Embed Pods Frameworks";
			outputFileListPaths = (
				"${PODS_ROOT}/Target Support Files/Pods-RewardedAdExample/Pods-RewardedAdExample-frameworks-${CONFIGURATION}-output-files.xcfilelist",
			);
			runOnlyForDeploymentPostprocessing = 0;
			shellPath = /bin/sh;
			shellScript = "\"${PODS_ROOT}/Target Support Files/Pods-RewardedAdExample/Pods-RewardedAdExample-frameworks.sh\"\n";
			showEnvVarsInLog = 0;
		};
		CCDF7000ED584B4BCAC930E5 /* [CP] Copy Pods Resources */ = {
			isa = PBXShellScriptBuildPhase;
			buildActionMask = 2147483647;
			files = (
			);
			inputFileListPaths = (
				"${PODS_ROOT}/Target Support Files/Pods-RewardedAdExample/Pods-RewardedAdExample-resources-${CONFIGURATION}-input-files.xcfilelist",
			);
			name = "[CP] Copy Pods Resources";
			outputFileListPaths = (
				"${PODS_ROOT}/Target Support Files/Pods-RewardedAdExample/Pods-RewardedAdExample-resources-${CONFIGURATION}-output-files.xcfilelist",
			);
			runOnlyForDeploymentPostprocessing = 0;
			shellPath = /bin/sh;
			shellScript = "\"${PODS_ROOT}/Target Support Files/Pods-RewardedAdExample/Pods-RewardedAdExample-resources.sh\"\n";
			showEnvVarsInLog = 0;
		};
/* End PBXShellScriptBuildPhase section */

/* Begin PBXSourcesBuildPhase section */
		91E71CF62CEBE0E50069729D /* Sources */ = {
			isa = PBXSourcesBuildPhase;
			buildActionMask = 2147483647;
			files = (
			);
			runOnlyForDeploymentPostprocessing = 0;
		};
		91E71D062CEBE0E70069729D /* Sources */ = {
			isa = PBXSourcesBuildPhase;
			buildActionMask = 2147483647;
			files = (
			);
			runOnlyForDeploymentPostprocessing = 0;
		};
		91E71D102CEBE0E70069729D /* Sources */ = {
			isa = PBXSourcesBuildPhase;
			buildActionMask = 2147483647;
			files = (
			);
			runOnlyForDeploymentPostprocessing = 0;
		};
/* End PBXSourcesBuildPhase section */

/* Begin PBXTargetDependency section */
		91E71D0C2CEBE0E70069729D /* PBXTargetDependency */ = {
			isa = PBXTargetDependency;
			target = 91E71CF92CEBE0E50069729D /* RewardedAdExample */;
			targetProxy = 91E71D0B2CEBE0E70069729D /* PBXContainerItemProxy */;
		};
		91E71D162CEBE0E70069729D /* PBXTargetDependency */ = {
			isa = PBXTargetDependency;
			target = 91E71CF92CEBE0E50069729D /* RewardedAdExample */;
			targetProxy = 91E71D152CEBE0E70069729D /* PBXContainerItemProxy */;
		};
/* End PBXTargetDependency section */

/* Begin XCBuildConfiguration section */
		91E71D1C2CEBE0E70069729D /* Debug */ = {
			isa = XCBuildConfiguration;
			buildSettings = {
				ALWAYS_SEARCH_USER_PATHS = NO;
				ASSETCATALOG_COMPILER_GENERATE_SWIFT_ASSET_SYMBOL_EXTENSIONS = YES;
				CLANG_ANALYZER_NONNULL = YES;
				CLANG_ANALYZER_NUMBER_OBJECT_CONVERSION = YES_AGGRESSIVE;
				CLANG_CXX_LANGUAGE_STANDARD = "gnu++20";
				CLANG_ENABLE_MODULES = YES;
				CLANG_ENABLE_OBJC_ARC = YES;
				CLANG_ENABLE_OBJC_WEAK = YES;
				CLANG_WARN_BLOCK_CAPTURE_AUTORELEASING = YES;
				CLANG_WARN_BOOL_CONVERSION = YES;
				CLANG_WARN_COMMA = YES;
				CLANG_WARN_CONSTANT_CONVERSION = YES;
				CLANG_WARN_DEPRECATED_OBJC_IMPLEMENTATIONS = YES;
				CLANG_WARN_DIRECT_OBJC_ISA_USAGE = YES_ERROR;
				CLANG_WARN_DOCUMENTATION_COMMENTS = YES;
				CLANG_WARN_EMPTY_BODY = YES;
				CLANG_WARN_ENUM_CONVERSION = YES;
				CLANG_WARN_INFINITE_RECURSION = YES;
				CLANG_WARN_INT_CONVERSION = YES;
				CLANG_WARN_NON_LITERAL_NULL_CONVERSION = YES;
				CLANG_WARN_OBJC_IMPLICIT_RETAIN_SELF = YES;
				CLANG_WARN_OBJC_LITERAL_CONVERSION = YES;
				CLANG_WARN_OBJC_ROOT_CLASS = YES_ERROR;
				CLANG_WARN_QUOTED_INCLUDE_IN_FRAMEWORK_HEADER = YES;
				CLANG_WARN_RANGE_LOOP_ANALYSIS = YES;
				CLANG_WARN_STRICT_PROTOTYPES = YES;
				CLANG_WARN_SUSPICIOUS_MOVE = YES;
				CLANG_WARN_UNGUARDED_AVAILABILITY = YES_AGGRESSIVE;
				CLANG_WARN_UNREACHABLE_CODE = YES;
				CLANG_WARN__DUPLICATE_METHOD_MATCH = YES;
				COPY_PHASE_STRIP = NO;
				DEBUG_INFORMATION_FORMAT = dwarf;
				ENABLE_STRICT_OBJC_MSGSEND = YES;
				ENABLE_TESTABILITY = YES;
				ENABLE_USER_SCRIPT_SANDBOXING = YES;
				GCC_C_LANGUAGE_STANDARD = gnu17;
				GCC_DYNAMIC_NO_PIC = NO;
				GCC_NO_COMMON_BLOCKS = YES;
				GCC_OPTIMIZATION_LEVEL = 0;
				GCC_PREPROCESSOR_DEFINITIONS = (
					"DEBUG=1",
					"$(inherited)",
				);
				GCC_WARN_64_TO_32_BIT_CONVERSION = YES;
				GCC_WARN_ABOUT_RETURN_TYPE = YES_ERROR;
				GCC_WARN_UNDECLARED_SELECTOR = YES;
				GCC_WARN_UNINITIALIZED_AUTOS = YES_AGGRESSIVE;
				GCC_WARN_UNUSED_FUNCTION = YES;
				GCC_WARN_UNUSED_VARIABLE = YES;
				IPHONEOS_DEPLOYMENT_TARGET = 18.0;
				LOCALIZATION_PREFERS_STRING_CATALOGS = YES;
				MTL_ENABLE_DEBUG_INFO = INCLUDE_SOURCE;
				MTL_FAST_MATH = YES;
				ONLY_ACTIVE_ARCH = YES;
				SDKROOT = iphoneos;
				SWIFT_ACTIVE_COMPILATION_CONDITIONS = "DEBUG $(inherited)";
				SWIFT_OPTIMIZATION_LEVEL = "-Onone";
			};
			name = Debug;
		};
		91E71D1D2CEBE0E70069729D /* Release */ = {
			isa = XCBuildConfiguration;
			buildSettings = {
				ALWAYS_SEARCH_USER_PATHS = NO;
				ASSETCATALOG_COMPILER_GENERATE_SWIFT_ASSET_SYMBOL_EXTENSIONS = YES;
				CLANG_ANALYZER_NONNULL = YES;
				CLANG_ANALYZER_NUMBER_OBJECT_CONVERSION = YES_AGGRESSIVE;
				CLANG_CXX_LANGUAGE_STANDARD = "gnu++20";
				CLANG_ENABLE_MODULES = YES;
				CLANG_ENABLE_OBJC_ARC = YES;
				CLANG_ENABLE_OBJC_WEAK = YES;
				CLANG_WARN_BLOCK_CAPTURE_AUTORELEASING = YES;
				CLANG_WARN_BOOL_CONVERSION = YES;
				CLANG_WARN_COMMA = YES;
				CLANG_WARN_CONSTANT_CONVERSION = YES;
				CLANG_WARN_DEPRECATED_OBJC_IMPLEMENTATIONS = YES;
				CLANG_WARN_DIRECT_OBJC_ISA_USAGE = YES_ERROR;
				CLANG_WARN_DOCUMENTATION_COMMENTS = YES;
				CLANG_WARN_EMPTY_BODY = YES;
				CLANG_WARN_ENUM_CONVERSION = YES;
				CLANG_WARN_INFINITE_RECURSION = YES;
				CLANG_WARN_INT_CONVERSION = YES;
				CLANG_WARN_NON_LITERAL_NULL_CONVERSION = YES;
				CLANG_WARN_OBJC_IMPLICIT_RETAIN_SELF = YES;
				CLANG_WARN_OBJC_LITERAL_CONVERSION = YES;
				CLANG_WARN_OBJC_ROOT_CLASS = YES_ERROR;
				CLANG_WARN_QUOTED_INCLUDE_IN_FRAMEWORK_HEADER = YES;
				CLANG_WARN_RANGE_LOOP_ANALYSIS = YES;
				CLANG_WARN_STRICT_PROTOTYPES = YES;
				CLANG_WARN_SUSPICIOUS_MOVE = YES;
				CLANG_WARN_UNGUARDED_AVAILABILITY = YES_AGGRESSIVE;
				CLANG_WARN_UNREACHABLE_CODE = YES;
				CLANG_WARN__DUPLICATE_METHOD_MATCH = YES;
				COPY_PHASE_STRIP = NO;
				DEBUG_INFORMATION_FORMAT = "dwarf-with-dsym";
				ENABLE_NS_ASSERTIONS = NO;
				ENABLE_STRICT_OBJC_MSGSEND = YES;
				ENABLE_USER_SCRIPT_SANDBOXING = YES;
				GCC_C_LANGUAGE_STANDARD = gnu17;
				GCC_NO_COMMON_BLOCKS = YES;
				GCC_WARN_64_TO_32_BIT_CONVERSION = YES;
				GCC_WARN_ABOUT_RETURN_TYPE = YES_ERROR;
				GCC_WARN_UNDECLARED_SELECTOR = YES;
				GCC_WARN_UNINITIALIZED_AUTOS = YES_AGGRESSIVE;
				GCC_WARN_UNUSED_FUNCTION = YES;
				GCC_WARN_UNUSED_VARIABLE = YES;
				IPHONEOS_DEPLOYMENT_TARGET = 18.0;
				LOCALIZATION_PREFERS_STRING_CATALOGS = YES;
				MTL_ENABLE_DEBUG_INFO = NO;
				MTL_FAST_MATH = YES;
				SDKROOT = iphoneos;
				SWIFT_COMPILATION_MODE = wholemodule;
				VALIDATE_PRODUCT = YES;
			};
			name = Release;
		};
		91E71D1F2CEBE0E70069729D /* Debug */ = {
			isa = XCBuildConfiguration;
			baseConfigurationReference = 3583EDC44CF38FC9245EFFD5 /* Pods-RewardedAdExample.debug.xcconfig */;
			buildSettings = {
				ASSETCATALOG_COMPILER_APPICON_NAME = AppIcon;
				ASSETCATALOG_COMPILER_GLOBAL_ACCENT_COLOR_NAME = AccentColor;
				CODE_SIGN_STYLE = Automatic;
				CURRENT_PROJECT_VERSION = 1;
				DEVELOPMENT_ASSET_PATHS = "\"RewardedAdExample/Preview Content\"";
				DEVELOPMENT_TEAM = P45F264BFA;
				ENABLE_PREVIEWS = YES;
				ENABLE_USER_SCRIPT_SANDBOXING = NO;
				GENERATE_INFOPLIST_FILE = YES;
				INFOPLIST_FILE = RewardedAdExample/Info.plist;
				INFOPLIST_KEY_UIApplicationSceneManifest_Generation = YES;
				INFOPLIST_KEY_UIApplicationSupportsIndirectInputEvents = YES;
				INFOPLIST_KEY_UILaunchScreen_Generation = YES;
				INFOPLIST_KEY_UISupportedInterfaceOrientations_iPad = "UIInterfaceOrientationPortrait UIInterfaceOrientationPortraitUpsideDown UIInterfaceOrientationLandscapeLeft UIInterfaceOrientationLandscapeRight";
				INFOPLIST_KEY_UISupportedInterfaceOrientations_iPhone = "UIInterfaceOrientationPortrait UIInterfaceOrientationLandscapeLeft UIInterfaceOrientationLandscapeRight";
				LD_RUNPATH_SEARCH_PATHS = (
					"$(inherited)",
					"@executable_path/Frameworks",
				);
				MARKETING_VERSION = 1.0;
				PRODUCT_BUNDLE_IDENTIFIER = com.rishabh.RewardedAdExample;
				PRODUCT_NAME = "$(TARGET_NAME)";
				SWIFT_EMIT_LOC_STRINGS = YES;
				SWIFT_VERSION = 5.0;
				TARGETED_DEVICE_FAMILY = "1,2";
			};
			name = Debug;
		};
		91E71D202CEBE0E70069729D /* Release */ = {
			isa = XCBuildConfiguration;
			baseConfigurationReference = 19BAEFD1B9B5E99B37719B39 /* Pods-RewardedAdExample.release.xcconfig */;
			buildSettings = {
				ASSETCATALOG_COMPILER_APPICON_NAME = AppIcon;
				ASSETCATALOG_COMPILER_GLOBAL_ACCENT_COLOR_NAME = AccentColor;
				CODE_SIGN_STYLE = Automatic;
				CURRENT_PROJECT_VERSION = 1;
				DEVELOPMENT_ASSET_PATHS = "\"RewardedAdExample/Preview Content\"";
				DEVELOPMENT_TEAM = P45F264BFA;
				ENABLE_PREVIEWS = YES;
				ENABLE_USER_SCRIPT_SANDBOXING = NO;
				GENERATE_INFOPLIST_FILE = YES;
				INFOPLIST_FILE = RewardedAdExample/Info.plist;
				INFOPLIST_KEY_UIApplicationSceneManifest_Generation = YES;
				INFOPLIST_KEY_UIApplicationSupportsIndirectInputEvents = YES;
				INFOPLIST_KEY_UILaunchScreen_Generation = YES;
				INFOPLIST_KEY_UISupportedInterfaceOrientations_iPad = "UIInterfaceOrientationPortrait UIInterfaceOrientationPortraitUpsideDown UIInterfaceOrientationLandscapeLeft UIInterfaceOrientationLandscapeRight";
				INFOPLIST_KEY_UISupportedInterfaceOrientations_iPhone = "UIInterfaceOrientationPortrait UIInterfaceOrientationLandscapeLeft UIInterfaceOrientationLandscapeRight";
				LD_RUNPATH_SEARCH_PATHS = (
					"$(inherited)",
					"@executable_path/Frameworks",
				);
				MARKETING_VERSION = 1.0;
				PRODUCT_BUNDLE_IDENTIFIER = com.rishabh.RewardedAdExample;
				PRODUCT_NAME = "$(TARGET_NAME)";
				SWIFT_EMIT_LOC_STRINGS = YES;
				SWIFT_VERSION = 5.0;
				TARGETED_DEVICE_FAMILY = "1,2";
			};
			name = Release;
		};
		91E71D222CEBE0E70069729D /* Debug */ = {
			isa = XCBuildConfiguration;
			buildSettings = {
				BUNDLE_LOADER = "$(TEST_HOST)";
				CODE_SIGN_STYLE = Automatic;
				CURRENT_PROJECT_VERSION = 1;
				DEVELOPMENT_TEAM = P45F264BFA;
				GENERATE_INFOPLIST_FILE = YES;
				IPHONEOS_DEPLOYMENT_TARGET = 18.0;
				MARKETING_VERSION = 1.0;
				PRODUCT_BUNDLE_IDENTIFIER = com.rishabh.RewardedAdExampleTests;
				PRODUCT_NAME = "$(TARGET_NAME)";
				SWIFT_EMIT_LOC_STRINGS = NO;
				SWIFT_VERSION = 5.0;
				TARGETED_DEVICE_FAMILY = "1,2";
				TEST_HOST = "$(BUILT_PRODUCTS_DIR)/RewardedAdExample.app/$(BUNDLE_EXECUTABLE_FOLDER_PATH)/RewardedAdExample";
			};
			name = Debug;
		};
		91E71D232CEBE0E70069729D /* Release */ = {
			isa = XCBuildConfiguration;
			buildSettings = {
				BUNDLE_LOADER = "$(TEST_HOST)";
				CODE_SIGN_STYLE = Automatic;
				CURRENT_PROJECT_VERSION = 1;
				DEVELOPMENT_TEAM = P45F264BFA;
				GENERATE_INFOPLIST_FILE = YES;
				IPHONEOS_DEPLOYMENT_TARGET = 18.0;
				MARKETING_VERSION = 1.0;
				PRODUCT_BUNDLE_IDENTIFIER = com.rishabh.RewardedAdExampleTests;
				PRODUCT_NAME = "$(TARGET_NAME)";
				SWIFT_EMIT_LOC_STRINGS = NO;
				SWIFT_VERSION = 5.0;
				TARGETED_DEVICE_FAMILY = "1,2";
				TEST_HOST = "$(BUILT_PRODUCTS_DIR)/RewardedAdExample.app/$(BUNDLE_EXECUTABLE_FOLDER_PATH)/RewardedAdExample";
			};
			name = Release;
		};
		91E71D252CEBE0E70069729D /* Debug */ = {
			isa = XCBuildConfiguration;
			buildSettings = {
				CODE_SIGN_STYLE = Automatic;
				CURRENT_PROJECT_VERSION = 1;
				DEVELOPMENT_TEAM = P45F264BFA;
				GENERATE_INFOPLIST_FILE = YES;
				MARKETING_VERSION = 1.0;
				PRODUCT_BUNDLE_IDENTIFIER = com.rishabh.RewardedAdExampleUITests;
				PRODUCT_NAME = "$(TARGET_NAME)";
				SWIFT_EMIT_LOC_STRINGS = NO;
				SWIFT_VERSION = 5.0;
				TARGETED_DEVICE_FAMILY = "1,2";
				TEST_TARGET_NAME = RewardedAdExample;
			};
			name = Debug;
		};
		91E71D262CEBE0E70069729D /* Release */ = {
			isa = XCBuildConfiguration;
			buildSettings = {
				CODE_SIGN_STYLE = Automatic;
				CURRENT_PROJECT_VERSION = 1;
				DEVELOPMENT_TEAM = P45F264BFA;
				GENERATE_INFOPLIST_FILE = YES;
				MARKETING_VERSION = 1.0;
				PRODUCT_BUNDLE_IDENTIFIER = com.rishabh.RewardedAdExampleUITests;
				PRODUCT_NAME = "$(TARGET_NAME)";
				SWIFT_EMIT_LOC_STRINGS = NO;
				SWIFT_VERSION = 5.0;
				TARGETED_DEVICE_FAMILY = "1,2";
				TEST_TARGET_NAME = RewardedAdExample;
			};
			name = Release;
		};
/* End XCBuildConfiguration section */

/* Begin XCConfigurationList section */
		91E71CF52CEBE0E50069729D /* Build configuration list for PBXProject "RewardedAdExample" */ = {
			isa = XCConfigurationList;
			buildConfigurations = (
				91E71D1C2CEBE0E70069729D /* Debug */,
				91E71D1D2CEBE0E70069729D /* Release */,
			);
			defaultConfigurationIsVisible = 0;
			defaultConfigurationName = Release;
		};
		91E71D1E2CEBE0E70069729D /* Build configuration list for PBXNativeTarget "RewardedAdExample" */ = {
			isa = XCConfigurationList;
			buildConfigurations = (
				91E71D1F2CEBE0E70069729D /* Debug */,
				91E71D202CEBE0E70069729D /* Release */,
			);
			defaultConfigurationIsVisible = 0;
			defaultConfigurationName = Release;
		};
		91E71D212CEBE0E70069729D /* Build configuration list for PBXNativeTarget "RewardedAdExampleTests" */ = {
			isa = XCConfigurationList;
			buildConfigurations = (
				91E71D222CEBE0E70069729D /* Debug */,
				91E71D232CEBE0E70069729D /* Release */,
			);
			defaultConfigurationIsVisible = 0;
			defaultConfigurationName = Release;
		};
		91E71D242CEBE0E70069729D /* Build configuration list for PBXNativeTarget "RewardedAdExampleUITests" */ = {
			isa = XCConfigurationList;
			buildConfigurations = (
				91E71D252CEBE0E70069729D /* Debug */,
				91E71D262CEBE0E70069729D /* Release */,
			);
			defaultConfigurationIsVisible = 0;
			defaultConfigurationName = Release;
		};
/* End XCConfigurationList section */
	};
	rootObject = 91E71CF22CEBE0E50069729D /* Project object */;
}
